<?xml version="1.0" encoding="utf-8"?>
<Project ToolsVersion="4.0" xmlns="http://schemas.microsoft.com/developer/msbuild/2003">
  <ItemGroup>
    <ClCompile Include="Detours\detours.cpp">
      <Filter>Detours</Filter>
    </ClCompile>
    <ClCompile Include="Detours\disasm.cpp">
      <Filter>Detours</Filter>
    </ClCompile>
    <ClCompile Include="Detours\image.cpp">
      <Filter>Detours</Filter>
    </ClCompile>
    <ClCompile Include="Detours\modules.cpp">
      <Filter>Detours</Filter>
    </ClCompile>
    <ClCompile Include="HLSDK\common\interface.cpp">
      <Filter>HLSDK\common</Filter>
    </ClCompile>
    <ClCompile Include="MetaHook\LoadBlob.cpp">
      <Filter>MetaHook</Filter>
    </ClCompile>
    <ClCompile Include="MetaHook\registry.cpp">
      <Filter>MetaHook</Filter>
    </ClCompile>
    <ClCompile Include="MetaHook\sys_launcher.cpp">
      <Filter>MetaHook</Filter>
    </ClCompile>
    <ClCompile Include="MetaHook\commandline.cpp">
      <Filter>MetaHook</Filter>
    </ClCompile>
    <ClCompile Include="FuckWorld\plugins.cpp">
      <Filter>FuckWorld</Filter>
    </ClCompile>
    <ClCompile Include="FuckWorld\engfuncs.cpp">
      <Filter>FuckWorld</Filter>
    </ClCompile>
    <ClCompile Include="SourceSDK\filesystem_helpers.cpp">
      <Filter>SourceSDK</Filter>
    </ClCompile>
    <ClCompile Include="SourceSDK\deadipanel.cpp">
      <Filter>SourceSDK</Filter>
    </ClCompile>
    <ClCompile Include="SourceSDK\deadsurface.cpp">
      <Filter>SourceSDK</Filter>
    </ClCompile>
    <ClCompile Include="SourceSDK\filesystem.cpp">
      <Filter>SourceSDK</Filter>
    </ClCompile>
    <ClCompile Include="SourceSDK\vstdlib\random.cpp">
      <Filter>SourceSDK\vstdlib</Filter>
    </ClCompile>
    <ClCompile Include="SourceSDK\tier1\memstack.cpp">
      <Filter>SourceSDK\tier1</Filter>
    </ClCompile>
    <ClCompile Include="SourceSDK\tier1\NetAdr.cpp">
      <Filter>SourceSDK\tier1</Filter>
    </ClCompile>
    <ClCompile Include="SourceSDK\tier1\stringpool.cpp">
      <Filter>SourceSDK\tier1</Filter>
    </ClCompile>
    <ClCompile Include="SourceSDK\tier1\strtools.cpp">
      <Filter>SourceSDK\tier1</Filter>
    </ClCompile>
    <ClCompile Include="SourceSDK\tier1\utlbuffer.cpp">
      <Filter>SourceSDK\tier1</Filter>
    </ClCompile>
    <ClCompile Include="SourceSDK\tier1\utlstring.cpp">
      <Filter>SourceSDK\tier1</Filter>
    </ClCompile>
    <ClCompile Include="SourceSDK\tier1\utlsymbol.cpp">
      <Filter>SourceSDK\tier1</Filter>
    </ClCompile>
    <ClCompile Include="SourceSDK\tier1\characterset.cpp">
      <Filter>SourceSDK\tier1</Filter>
    </ClCompile>
    <ClCompile Include="SourceSDK\tier1\generichash.cpp">
      <Filter>SourceSDK\tier1</Filter>
    </ClCompile>
    <ClCompile Include="SourceSDK\tier1\KeyValues.cpp">
      <Filter>SourceSDK\tier1</Filter>
    </ClCompile>
    <ClCompile Include="SourceSDK\tier1\mempool.cpp">
      <Filter>SourceSDK\tier1</Filter>
    </ClCompile>
    <ClCompile Include="SourceSDK\tier0\platform.cpp">
      <Filter>SourceSDK\tier0</Filter>
    </ClCompile>
    <ClCompile Include="SourceSDK\tier0\threadtools.cpp">
      <Filter>SourceSDK\tier0</Filter>
    </ClCompile>
    <ClCompile Include="SourceSDK\tier0\vcrmode.cpp">
      <Filter>SourceSDK\tier0</Filter>
    </ClCompile>
    <ClCompile Include="SourceSDK\tier0\assert_dialog.cpp">
      <Filter>SourceSDK\tier0</Filter>
    </ClCompile>
    <ClCompile Include="SourceSDK\tier0\cpu.cpp">
      <Filter>SourceSDK\tier0</Filter>
    </ClCompile>
    <ClCompile Include="SourceSDK\tier0\dbg.cpp">
      <Filter>SourceSDK\tier0</Filter>
    </ClCompile>
    <ClCompile Include="SourceSDK\tier0\fasttimer.cpp">
      <Filter>SourceSDK\tier0</Filter>
    </ClCompile>
    <ClCompile Include="SourceSDK\tier0\mem.cpp">
      <Filter>SourceSDK\tier0</Filter>
    </ClCompile>
    <ClCompile Include="SourceSDK\tier0\mem_helpers.cpp">
      <Filter>SourceSDK\tier0</Filter>
    </ClCompile>
    <ClCompile Include="SourceSDK\tier0\memdbg.cpp">
      <Filter>SourceSDK\tier0</Filter>
    </ClCompile>
    <ClCompile Include="SourceSDK\tier0\memstd.cpp">
      <Filter>SourceSDK\tier0</Filter>
    </ClCompile>
    <ClCompile Include="SourceSDK\tier0\minidump.cpp">
      <Filter>SourceSDK\tier0</Filter>
    </ClCompile>
    <ClCompile Include="util\Encode.cpp">
      <Filter>util</Filter>
    </ClCompile>
    <ClCompile Include="FuckWorld\Modules.cpp">
      <Filter>FuckWorld</Filter>
    </ClCompile>
    <ClCompile Include="BugReport\CrashHandle.cpp">
      <Filter>BugReport</Filter>
    </ClCompile>
    <ClCompile Include="BugReport\BugReport.cpp">
      <Filter>BugReport</Filter>
    </ClCompile>
    <ClCompile Include="MetaHook\Launcher.cpp">
      <Filter>MetaHook</Filter>
    </ClCompile>
    <ClCompile Include="FuckWorld\BaseUI.cpp">
      <Filter>FuckWorld</Filter>
    </ClCompile>
    <ClCompile Include="FuckWorld\IMEInput.cpp">
      <Filter>FuckWorld</Filter>
    </ClCompile>
    <ClCompile Include="FuckWorld\exportfuncs.cpp">
      <Filter>FuckWorld</Filter>
    </ClCompile>
    <ClCompile Include="FuckWorld\mempatchs.cpp">
      <Filter>FuckWorld</Filter>
    </ClCompile>
    <ClCompile Include="FuckWorld\Window.cpp">
      <Filter>FuckWorld</Filter>
    </ClCompile>
    <ClCompile Include="MetaHook\metahook.cpp">
      <Filter>MetaHook</Filter>
    </ClCompile>
    <ClCompile Include="GameUI\BitmapImagePanel.cpp">
      <Filter>GameUI\Controls</Filter>
    </ClCompile>
    <ClCompile Include="GameUI\CvarSlider.cpp">
      <Filter>GameUI\Controls</Filter>
    </ClCompile>
    <ClCompile Include="GameUI\CvarTextEntry.cpp">
      <Filter>GameUI\Controls</Filter>
    </ClCompile>
    <ClCompile Include="GameUI\CvarToggleCheckButton.cpp">
      <Filter>GameUI\Controls</Filter>
    </ClCompile>
    <ClCompile Include="GameUI\KeyToggleCheckButton.cpp">
      <Filter>GameUI\Controls</Filter>
    </ClCompile>
    <ClCompile Include="GameUI\LabeledCommandComboBox.cpp">
      <Filter>GameUI\Controls</Filter>
    </ClCompile>
    <ClCompile Include="GameUI\ToolBar.cpp">
      <Filter>GameUI\Controls</Filter>
    </ClCompile>
    <ClCompile Include="GameUI\URLButton.cpp">
      <Filter>GameUI\Controls</Filter>
    </ClCompile>
    <ClCompile Include="GameUI\CvarNegateCheckButton.cpp">
      <Filter>GameUI\Controls</Filter>
    </ClCompile>
    <ClCompile Include="GameUI\CreateMultiplayerGameBotPage.cpp">
      <Filter>GameUI\CreateMultiPlayerGameDialog</Filter>
    </ClCompile>
    <ClCompile Include="GameUI\CreateMultiplayerGameGameplayPage.cpp">
      <Filter>GameUI\CreateMultiPlayerGameDialog</Filter>
    </ClCompile>
    <ClCompile Include="GameUI\CreateMultiplayerGameServerPage.cpp">
      <Filter>GameUI\CreateMultiPlayerGameDialog</Filter>
    </ClCompile>
    <ClCompile Include="GameUI\OptionsSubAudio.cpp">
      <Filter>GameUI\OptionsDialog</Filter>
    </ClCompile>
    <ClCompile Include="GameUI\OptionsSubKeyboard.cpp">
      <Filter>GameUI\OptionsDialog</Filter>
    </ClCompile>
    <ClCompile Include="GameUI\OptionsSubMouse.cpp">
      <Filter>GameUI\OptionsDialog</Filter>
    </ClCompile>
    <ClCompile Include="GameUI\OptionsSubMultiplayer.cpp">
      <Filter>GameUI\OptionsDialog</Filter>
    </ClCompile>
    <ClCompile Include="GameUI\OptionsSubVideo.cpp">
      <Filter>GameUI\OptionsDialog</Filter>
    </ClCompile>
    <ClCompile Include="GameUI\OptionsSubVoice.cpp">
      <Filter>GameUI\OptionsDialog</Filter>
    </ClCompile>
    <ClCompile Include="GameUI\OptionsSubAdvanced.cpp">
      <Filter>GameUI\OptionsDialog</Filter>
    </ClCompile>
    <ClCompile Include="GameUI\MultiplayerAdvancedDialog.cpp">
      <Filter>GameUI\OptionsDialog</Filter>
    </ClCompile>
    <ClCompile Include="GameUI\LogoFile.cpp">
      <Filter>GameUI\OptionsDialog</Filter>
    </ClCompile>
    <ClCompile Include="GameUI\BasePanel.cpp">
      <Filter>GameUI</Filter>
    </ClCompile>
    <ClCompile Include="GameUI\BackgroundMenuButton.cpp">
      <Filter>GameUI</Filter>
    </ClCompile>
    <ClCompile Include="GameUI\CreateMultiplayerGameDialog.cpp">
      <Filter>GameUI</Filter>
    </ClCompile>
    <ClCompile Include="GameUI\GameConsoleDialog.cpp">
      <Filter>GameUI</Filter>
    </ClCompile>
    <ClCompile Include="GameUI\GameConsole.cpp">
      <Filter>GameUI</Filter>
    </ClCompile>
    <ClCompile Include="GameUI\GameUI_Interface.cpp">
      <Filter>GameUI</Filter>
    </ClCompile>
    <ClCompile Include="GameUI\LoadingDialog.cpp">
      <Filter>GameUI</Filter>
    </ClCompile>
    <ClCompile Include="GameUI\ModInfo.cpp">
      <Filter>GameUI</Filter>
    </ClCompile>
    <ClCompile Include="GameUI\PanelListPanel.cpp">
      <Filter>GameUI</Filter>
    </ClCompile>
    <ClCompile Include="GameUI\ScriptObject.cpp">
      <Filter>GameUI</Filter>
    </ClCompile>
    <ClCompile Include="GameUI\OptionsDialog.cpp">
      <Filter>GameUI</Filter>
    </ClCompile>
    <ClCompile Include="util\common.cpp">
      <Filter>util</Filter>
    </ClCompile>
    <ClCompile Include="util\sys.cpp">
      <Filter>util</Filter>
    </ClCompile>
    <ClCompile Include="FuckWorld\SteamAPI.cpp">
      <Filter>FuckWorld</Filter>
    </ClCompile>
    <ClCompile Include="SourceSDK\deadscheme.cpp">
      <Filter>SourceSDK</Filter>
    </ClCompile>
    <ClCompile Include="GameUI\VControlsListPanel.cpp">
      <Filter>GameUI\Controls</Filter>
    </ClCompile>
    <ClCompile Include="vgui2\vgui_controls\AnimationController.cpp">
      <Filter>vgui2\vgui_controls</Filter>
    </ClCompile>
    <ClCompile Include="vgui2\vgui_controls\BitmapImagePanel.cpp">
      <Filter>vgui2\vgui_controls</Filter>
    </ClCompile>
    <ClCompile Include="vgui2\vgui_controls\BuildFactoryHelper.cpp">
      <Filter>vgui2\vgui_controls</Filter>
    </ClCompile>
    <ClCompile Include="vgui2\vgui_controls\BuildGroup.cpp">
      <Filter>vgui2\vgui_controls</Filter>
    </ClCompile>
    <ClCompile Include="vgui2\vgui_controls\BuildModeDialog.cpp">
      <Filter>vgui2\vgui_controls</Filter>
    </ClCompile>
    <ClCompile Include="vgui2\vgui_controls\Button.cpp">
      <Filter>vgui2\vgui_controls</Filter>
    </ClCompile>
    <ClCompile Include="vgui2\vgui_controls\CheckButton.cpp">
      <Filter>vgui2\vgui_controls</Filter>
    </ClCompile>
    <ClCompile Include="vgui2\vgui_controls\CheckButtonList.cpp">
      <Filter>vgui2\vgui_controls</Filter>
    </ClCompile>
    <ClCompile Include="vgui2\vgui_controls\CircularProgressBar.cpp">
      <Filter>vgui2\vgui_controls</Filter>
    </ClCompile>
    <ClCompile Include="vgui2\vgui_controls\ComboBox.cpp">
      <Filter>vgui2\vgui_controls</Filter>
    </ClCompile>
    <ClCompile Include="vgui2\vgui_controls\consoledialog.cpp">
      <Filter>vgui2\vgui_controls</Filter>
    </ClCompile>
    <ClCompile Include="vgui2\vgui_controls\ControllerMap.cpp">
      <Filter>vgui2\vgui_controls</Filter>
    </ClCompile>
    <ClCompile Include="vgui2\vgui_controls\Controls.cpp">
      <Filter>vgui2\vgui_controls</Filter>
    </ClCompile>
    <ClCompile Include="vgui2\vgui_controls\DirectorySelectDialog.cpp">
      <Filter>vgui2\vgui_controls</Filter>
    </ClCompile>
    <ClCompile Include="vgui2\vgui_controls\Divider.cpp">
      <Filter>vgui2\vgui_controls</Filter>
    </ClCompile>
    <ClCompile Include="vgui2\vgui_controls\EditablePanel.cpp">
      <Filter>vgui2\vgui_controls</Filter>
    </ClCompile>
    <ClCompile Include="vgui2\vgui_controls\ExpandButton.cpp">
      <Filter>vgui2\vgui_controls</Filter>
    </ClCompile>
    <ClCompile Include="vgui2\vgui_controls\FileOpenDialog.cpp">
      <Filter>vgui2\vgui_controls</Filter>
    </ClCompile>
    <ClCompile Include="vgui2\vgui_controls\FocusNavGroup.cpp">
      <Filter>vgui2\vgui_controls</Filter>
    </ClCompile>
    <ClCompile Include="vgui2\vgui_controls\Frame.cpp">
      <Filter>vgui2\vgui_controls</Filter>
    </ClCompile>
    <ClCompile Include="vgui2\vgui_controls\GraphPanel.cpp">
      <Filter>vgui2\vgui_controls</Filter>
    </ClCompile>
    <ClCompile Include="vgui2\vgui_controls\HTML.cpp">
      <Filter>vgui2\vgui_controls</Filter>
    </ClCompile>
    <ClCompile Include="vgui2\vgui_controls\Image.cpp">
      <Filter>vgui2\vgui_controls</Filter>
    </ClCompile>
    <ClCompile Include="vgui2\vgui_controls\ImageList.cpp">
      <Filter>vgui2\vgui_controls</Filter>
    </ClCompile>
    <ClCompile Include="vgui2\vgui_controls\ImagePanel.cpp">
      <Filter>vgui2\vgui_controls</Filter>
    </ClCompile>
    <ClCompile Include="vgui2\vgui_controls\InputDialog.cpp">
      <Filter>vgui2\vgui_controls</Filter>
    </ClCompile>
    <ClCompile Include="vgui2\vgui_controls\KeyRepeat.cpp">
      <Filter>vgui2\vgui_controls</Filter>
    </ClCompile>
    <ClCompile Include="vgui2\vgui_controls\Label.cpp">
      <Filter>vgui2\vgui_controls</Filter>
    </ClCompile>
    <ClCompile Include="vgui2\vgui_controls\ListPanel.cpp">
      <Filter>vgui2\vgui_controls</Filter>
    </ClCompile>
    <ClCompile Include="vgui2\vgui_controls\ListViewPanel.cpp">
      <Filter>vgui2\vgui_controls</Filter>
    </ClCompile>
    <ClCompile Include="vgui2\vgui_controls\Menu.cpp">
      <Filter>vgui2\vgui_controls</Filter>
    </ClCompile>
    <ClCompile Include="vgui2\vgui_controls\MenuBar.cpp">
      <Filter>vgui2\vgui_controls</Filter>
    </ClCompile>
    <ClCompile Include="vgui2\vgui_controls\MenuButton.cpp">
      <Filter>vgui2\vgui_controls</Filter>
    </ClCompile>
    <ClCompile Include="vgui2\vgui_controls\MenuItem.cpp">
      <Filter>vgui2\vgui_controls</Filter>
    </ClCompile>
    <ClCompile Include="vgui2\vgui_controls\MessageBox.cpp">
      <Filter>vgui2\vgui_controls</Filter>
    </ClCompile>
    <ClCompile Include="vgui2\vgui_controls\MessageDialog.cpp">
      <Filter>vgui2\vgui_controls</Filter>
    </ClCompile>
    <ClCompile Include="vgui2\vgui_controls\Panel.cpp">
      <Filter>vgui2\vgui_controls</Filter>
    </ClCompile>
    <ClCompile Include="vgui2\vgui_controls\PanelListPanel.cpp">
      <Filter>vgui2\vgui_controls</Filter>
    </ClCompile>
    <ClCompile Include="vgui2\vgui_controls\ProgressBar.cpp">
      <Filter>vgui2\vgui_controls</Filter>
    </ClCompile>
    <ClCompile Include="vgui2\vgui_controls\ProgressBox.cpp">
      <Filter>vgui2\vgui_controls</Filter>
    </ClCompile>
    <ClCompile Include="vgui2\vgui_controls\PropertyDialog.cpp">
      <Filter>vgui2\vgui_controls</Filter>
    </ClCompile>
    <ClCompile Include="vgui2\vgui_controls\PropertyPage.cpp">
      <Filter>vgui2\vgui_controls</Filter>
    </ClCompile>
    <ClCompile Include="vgui2\vgui_controls\PropertySheet.cpp">
      <Filter>vgui2\vgui_controls</Filter>
    </ClCompile>
    <ClCompile Include="vgui2\vgui_controls\QueryBox.cpp">
      <Filter>vgui2\vgui_controls</Filter>
    </ClCompile>
    <ClCompile Include="vgui2\vgui_controls\RadioButton.cpp">
      <Filter>vgui2\vgui_controls</Filter>
    </ClCompile>
    <ClCompile Include="vgui2\vgui_controls\RichText.cpp">
      <Filter>vgui2\vgui_controls</Filter>
    </ClCompile>
    <ClCompile Include="vgui2\vgui_controls\RotatingProgressBar.cpp">
      <Filter>vgui2\vgui_controls</Filter>
    </ClCompile>
    <ClCompile Include="vgui2\vgui_controls\savedocumentquery.cpp">
      <Filter>vgui2\vgui_controls</Filter>
    </ClCompile>
    <ClCompile Include="vgui2\vgui_controls\ScrollableEditablePanel.cpp">
      <Filter>vgui2\vgui_controls</Filter>
    </ClCompile>
    <ClCompile Include="vgui2\vgui_controls\ScrollBar.cpp">
      <Filter>vgui2\vgui_controls</Filter>
    </ClCompile>
    <ClCompile Include="vgui2\vgui_controls\ScrollBarSlider.cpp">
      <Filter>vgui2\vgui_controls</Filter>
    </ClCompile>
    <ClCompile Include="vgui2\vgui_controls\SectionedListPanel.cpp">
      <Filter>vgui2\vgui_controls</Filter>
    </ClCompile>
    <ClCompile Include="vgui2\vgui_controls\Slider.cpp">
      <Filter>vgui2\vgui_controls</Filter>
    </ClCompile>
    <ClCompile Include="vgui2\vgui_controls\Splitter.cpp">
      <Filter>vgui2\vgui_controls</Filter>
    </ClCompile>
    <ClCompile Include="vgui2\vgui_controls\subrectimage.cpp">
      <Filter>vgui2\vgui_controls</Filter>
    </ClCompile>
    <ClCompile Include="vgui2\vgui_controls\TextEntry.cpp">
      <Filter>vgui2\vgui_controls</Filter>
    </ClCompile>
    <ClCompile Include="vgui2\vgui_controls\TextImage.cpp">
      <Filter>vgui2\vgui_controls</Filter>
    </ClCompile>
    <ClCompile Include="vgui2\vgui_controls\ToggleButton.cpp">
      <Filter>vgui2\vgui_controls</Filter>
    </ClCompile>
    <ClCompile Include="vgui2\vgui_controls\Tooltip.cpp">
      <Filter>vgui2\vgui_controls</Filter>
    </ClCompile>
    <ClCompile Include="vgui2\vgui_controls\ToolWindow.cpp">
      <Filter>vgui2\vgui_controls</Filter>
    </ClCompile>
    <ClCompile Include="vgui2\vgui_controls\TreeView.cpp">
      <Filter>vgui2\vgui_controls</Filter>
    </ClCompile>
    <ClCompile Include="vgui2\vgui_controls\TreeViewListControl.cpp">
      <Filter>vgui2\vgui_controls</Filter>
    </ClCompile>
    <ClCompile Include="vgui2\vgui_controls\URLLabel.cpp">
      <Filter>vgui2\vgui_controls</Filter>
    </ClCompile>
    <ClCompile Include="vgui2\vgui_controls\vgui_controls.cpp">
      <Filter>vgui2\vgui_controls</Filter>
    </ClCompile>
    <ClCompile Include="vgui2\vgui_controls\WizardPanel.cpp">
      <Filter>vgui2\vgui_controls</Filter>
    </ClCompile>
    <ClCompile Include="vgui2\vgui_controls\WizardSubPanel.cpp">
      <Filter>vgui2\vgui_controls</Filter>
    </ClCompile>
    <ClCompile Include="vgui2\vgui_controls\AnalogBar.cpp">
      <Filter>vgui2\vgui_controls</Filter>
    </ClCompile>
    <ClCompile Include="vgui2\vgui_controls\AnimatingImagePanel.cpp">
      <Filter>vgui2\vgui_controls</Filter>
    </ClCompile>
    <ClCompile Include="SourceSDK\deadborder.cpp">
      <Filter>SourceSDK</Filter>
    </ClCompile>
    <ClCompile Include="FuckWorld\Hook_Scheme.cpp">
      <Filter>FuckWorld</Filter>
    </ClCompile>
    <ClCompile Include="util\Socket.cpp">
      <Filter>util</Filter>
    </ClCompile>
    <ClCompile Include="util\msgbuffer.cpp">
      <Filter>util</Filter>
    </ClCompile>
    <ClCompile Include="FuckWorld\netapi.cpp">
      <Filter>FuckWorld</Filter>
    </ClCompile>
    <ClCompile Include="FuckWorld\CVARs.cpp">
      <Filter>FuckWorld</Filter>
    </ClCompile>
    <ClCompile Include="FuckWorld\Hook_FileSystem.cpp">
      <Filter>FuckWorld</Filter>
    </ClCompile>
    <ClCompile Include="FuckWorld\Hook_KeyValuesSystem.cpp">
      <Filter>FuckWorld</Filter>
    </ClCompile>
    <ClCompile Include="Client\view.cpp">
      <Filter>Client</Filter>
    </ClCompile>
    <ClCompile Include="Client\viewmodel.cpp">
      <Filter>Client</Filter>
    </ClCompile>
    <ClCompile Include="Client\ViewPort.cpp">
      <Filter>Client</Filter>
    </ClCompile>
    <ClCompile Include="Client\ViewPort_Interface.cpp">
      <Filter>Client</Filter>
    </ClCompile>
    <ClCompile Include="Client\calcscreen.cpp">
      <Filter>Client</Filter>
    </ClCompile>
    <ClCompile Include="Client\cdll_int.cpp">
      <Filter>Client</Filter>
    </ClCompile>
    <ClCompile Include="Client\CounterStrikeViewport.cpp">
      <Filter>Client</Filter>
    </ClCompile>
    <ClCompile Include="Client\CSBackGroundPanel.cpp">
      <Filter>Client</Filter>
    </ClCompile>
    <ClCompile Include="Client\demo.cpp">
      <Filter>Client</Filter>
    </ClCompile>
    <ClCompile Include="Client\entity.cpp">
      <Filter>Client</Filter>
    </ClCompile>
    <ClCompile Include="Client\interpolation.cpp">
      <Filter>Client</Filter>
    </ClCompile>
    <ClCompile Include="Client\links.cpp">
      <Filter>Client</Filter>
    </ClCompile>
    <ClCompile Include="Client\parsemsg.cpp">
      <Filter>Client</Filter>
    </ClCompile>
    <ClCompile Include="Client\player.cpp">
      <Filter>Client</Filter>
    </ClCompile>
    <ClCompile Include="Client\shared_util.cpp">
      <Filter>Client</Filter>
    </ClCompile>
    <ClCompile Include="Client\tri.cpp">
      <Filter>Client</Filter>
    </ClCompile>
    <ClCompile Include="Client\vgui_int.cpp">
      <Filter>Client</Filter>
    </ClCompile>
    <ClCompile Include="Client\buy_presets\buy_preset.cpp">
      <Filter>Client\buy_presets</Filter>
    </ClCompile>
    <ClCompile Include="Client\buy_presets\buy_presets.cpp">
      <Filter>Client\buy_presets</Filter>
    </ClCompile>
    <ClCompile Include="Client\buy_presets\buy_preset_debug.cpp">
      <Filter>Client\buy_presets</Filter>
    </ClCompile>
    <ClCompile Include="Client\buy_presets\buy_preset_weapon_info.cpp">
      <Filter>Client\buy_presets</Filter>
    </ClCompile>
    <ClCompile Include="Client\game_controls\buymenu.cpp">
      <Filter>Client\game_controls</Filter>
    </ClCompile>
    <ClCompile Include="Client\game_controls\buysubmenu.cpp">
      <Filter>Client\game_controls</Filter>
    </ClCompile>
    <ClCompile Include="Client\game_controls\classmenu.cpp">
      <Filter>Client\game_controls</Filter>
    </ClCompile>
    <ClCompile Include="Client\game_controls\ClientScoreBoardDialog.cpp">
      <Filter>Client\game_controls</Filter>
    </ClCompile>
    <ClCompile Include="Client\game_controls\commandmenu.cpp">
      <Filter>Client\game_controls</Filter>
    </ClCompile>
    <ClCompile Include="Client\game_controls\NavProgress.cpp">
      <Filter>Client\game_controls</Filter>
    </ClCompile>
    <ClCompile Include="Client\game_controls\SpectatorGUI.cpp">
      <Filter>Client\game_controls</Filter>
    </ClCompile>
    <ClCompile Include="Client\game_controls\teammenu.cpp">
      <Filter>Client\game_controls</Filter>
    </ClCompile>
    <ClCompile Include="Client\game_controls\vguitextwindow.cpp">
      <Filter>Client\game_controls</Filter>
    </ClCompile>
    <ClCompile Include="Client\game_shared\voice_banmgr.cpp">
      <Filter>Client\game_shared</Filter>
    </ClCompile>
    <ClCompile Include="Client\game_shared\voice_status.cpp">
      <Filter>Client\game_shared</Filter>
    </ClCompile>
    <ClCompile Include="Client\game_shared\voice_status_hud.cpp">
      <Filter>Client\game_shared</Filter>
    </ClCompile>
    <ClCompile Include="FuckWorld\cmd.cpp">
      <Filter>FuckWorld</Filter>
    </ClCompile>
    <ClCompile Include="util\model_util.cpp">
      <Filter>util</Filter>
    </ClCompile>
    <ClCompile Include="util\msghook.cpp">
      <Filter>util</Filter>
    </ClCompile>
    <ClCompile Include="Renderer\qgl.cpp">
      <Filter>Renderer</Filter>
    </ClCompile>
    <ClCompile Include="FuckWorld\Video.cpp">
      <Filter>FuckWorld</Filter>
    </ClCompile>
    <ClCompile Include="FuckWorld\gamma.cpp">
      <Filter>FuckWorld</Filter>
    </ClCompile>
    <ClCompile Include="Client\cl_util.cpp">
      <Filter>Client</Filter>
    </ClCompile>
    <ClCompile Include="SourceSDK\mathlib\mathlib_base.cpp">
      <Filter>SourceSDK\mathlib</Filter>
    </ClCompile>
    <ClCompile Include="SourceSDK\mathlib\3dnow.cpp">
      <Filter>SourceSDK\mathlib</Filter>
    </ClCompile>
    <ClCompile Include="SourceSDK\mathlib\sse.cpp">
      <Filter>SourceSDK\mathlib</Filter>
    </ClCompile>
    <ClCompile Include="HLSDK\pm_shared\pm_math.c">
      <Filter>HLSDK\pm_shared</Filter>
    </ClCompile>
    <ClCompile Include="HLSDK\pm_shared\pm_shared.c">
      <Filter>HLSDK\pm_shared</Filter>
    </ClCompile>
    <ClCompile Include="HLSDK\pm_shared\pm_debug.c">
      <Filter>HLSDK\pm_shared</Filter>
    </ClCompile>
    <ClCompile Include="Client\VGUI\buypresetbutton.cpp">
      <Filter>Client\VGUI</Filter>
    </ClCompile>
    <ClCompile Include="Client\VGUI\buypreset_imageinfo.cpp">
      <Filter>Client\VGUI</Filter>
    </ClCompile>
    <ClCompile Include="Client\VGUI\buypreset_panel.cpp">
      <Filter>Client\VGUI</Filter>
    </ClCompile>
    <ClCompile Include="Client\VGUI\chatdialog.cpp">
      <Filter>Client\VGUI</Filter>
    </ClCompile>
    <ClCompile Include="Client\VGUI\csbtegraphicmenu.cpp">
      <Filter>Client\VGUI</Filter>
    </ClCompile>
    <ClCompile Include="Client\VGUI\cstrikebuymenu.cpp">
      <Filter>Client\VGUI</Filter>
    </ClCompile>
    <ClCompile Include="Client\VGUI\cstrikechatdialog.cpp">
      <Filter>Client\VGUI</Filter>
    </ClCompile>
    <ClCompile Include="Client\VGUI\cstrikeclassmenu.cpp">
      <Filter>Client\VGUI</Filter>
    </ClCompile>
    <ClCompile Include="Client\VGUI\cstrikeclientscoreboard.cpp">
      <Filter>Client\VGUI</Filter>
    </ClCompile>
    <ClCompile Include="Client\VGUI\cstrikespectatorgui.cpp">
      <Filter>Client\VGUI</Filter>
    </ClCompile>
    <ClCompile Include="Client\VGUI\cstriketeammenu.cpp">
      <Filter>Client\VGUI</Filter>
    </ClCompile>
    <ClCompile Include="Client\VGUI\cstriketextwindow.cpp">
      <Filter>Client\VGUI</Filter>
    </ClCompile>
    <ClCompile Include="Client\VGUI\hud_layer.cpp">
      <Filter>Client\VGUI</Filter>
    </ClCompile>
    <ClCompile Include="Client\VGUI\hud_menu.cpp">
      <Filter>Client\VGUI</Filter>
    </ClCompile>
    <ClCompile Include="Client\VGUI\hud_radar.cpp">
      <Filter>Client\VGUI</Filter>
    </ClCompile>
    <ClCompile Include="Client\inputw32.cpp">
      <Filter>Client</Filter>
    </ClCompile>
    <ClCompile Include="Client\in_camera.cpp">
      <Filter>Client</Filter>
    </ClCompile>
    <ClCompile Include="Client\input.cpp">
      <Filter>Client</Filter>
    </ClCompile>
    <ClCompile Include="Client\ammo.cpp">
      <Filter>Client\HUD</Filter>
    </ClCompile>
    <ClCompile Include="Client\ammohistory.cpp">
      <Filter>Client\HUD</Filter>
    </ClCompile>
    <ClCompile Include="Client\accountbalance.cpp">
      <Filter>Client\HUD</Filter>
    </ClCompile>
    <ClCompile Include="Client\bartime.cpp">
      <Filter>Client\HUD</Filter>
    </ClCompile>
    <ClCompile Include="Client\battery.cpp">
      <Filter>Client\HUD</Filter>
    </ClCompile>
    <ClCompile Include="Client\death.cpp">
      <Filter>Client\HUD</Filter>
    </ClCompile>
    <ClCompile Include="Client\headname.cpp">
      <Filter>Client\HUD</Filter>
    </ClCompile>
    <ClCompile Include="Client\health.cpp">
      <Filter>Client\HUD</Filter>
    </ClCompile>
    <ClCompile Include="Client\hud.cpp">
      <Filter>Client\HUD</Filter>
    </ClCompile>
    <ClCompile Include="Client\hud_msg.cpp">
      <Filter>Client\HUD</Filter>
    </ClCompile>
    <ClCompile Include="Client\hud_spectator.cpp">
      <Filter>Client\HUD</Filter>
    </ClCompile>
    <ClCompile Include="Client\hud_update.cpp">
      <Filter>Client\HUD</Filter>
    </ClCompile>
    <ClCompile Include="Client\hud_util.cpp">
      <Filter>Client\HUD</Filter>
    </ClCompile>
    <ClCompile Include="Client\nightvision.cpp">
      <Filter>Client\HUD</Filter>
    </ClCompile>
    <ClCompile Include="Client\text_message.cpp">
      <Filter>Client\HUD</Filter>
    </ClCompile>
    <ClCompile Include="Client\menu.cpp">
      <Filter>Client\HUD</Filter>
    </ClCompile>
    <ClCompile Include="Client\status_icons.cpp">
      <Filter>Client\HUD</Filter>
    </ClCompile>
    <ClCompile Include="Client\graphicmenu.cpp">
      <Filter>Client\HUD</Filter>
    </ClCompile>
    <ClCompile Include="Client\scenariostatus.cpp">
      <Filter>Client\HUD</Filter>
    </ClCompile>
    <ClCompile Include="Client\roundtimer.cpp">
      <Filter>Client\HUD</Filter>
    </ClCompile>
    <ClCompile Include="Client\radar.cpp">
      <Filter>Client\HUD</Filter>
    </ClCompile>
    <ClCompile Include="Client\itemstatus.cpp">
      <Filter>Client\HUD</Filter>
    </ClCompile>
    <ClCompile Include="Client\message.cpp">
      <Filter>Client\HUD</Filter>
    </ClCompile>
    <ClCompile Include="Client\saytext.cpp">
      <Filter>Client\HUD</Filter>
    </ClCompile>
    <ClCompile Include="Client\thirdperson.cpp">
      <Filter>Client\HUD</Filter>
    </ClCompile>
    <ClCompile Include="Client\GameStudioModelRenderer.cpp">
      <Filter>Client\Studio</Filter>
    </ClCompile>
    <ClCompile Include="Client\StudioModelRenderer.cpp">
      <Filter>Client\Studio</Filter>
    </ClCompile>
    <ClCompile Include="Client\studio_util.cpp">
      <Filter>Client\Studio</Filter>
    </ClCompile>
    <ClCompile Include="Client\ev_common.cpp">
      <Filter>Client\events</Filter>
    </ClCompile>
    <ClCompile Include="Client\ev_hldm.cpp">
      <Filter>Client\events</Filter>
    </ClCompile>
    <ClCompile Include="Client\ev_script.cpp">
      <Filter>Client\events</Filter>
    </ClCompile>
    <ClCompile Include="Client\events.cpp">
      <Filter>Client\events</Filter>
    </ClCompile>
    <ClCompile Include="Client\weapon_csbase.cpp">
      <Filter>Client\cs_wpn</Filter>
    </ClCompile>
    <ClCompile Include="Client\weapons.cpp">
      <Filter>Client\cs_wpn</Filter>
    </ClCompile>
    <ClCompile Include="Client\com_weapons.cpp">
      <Filter>Client\cs_wpn</Filter>
    </ClCompile>
    <ClCompile Include="Client\hl_weapons.cpp">
      <Filter>Client\cs_wpn</Filter>
    </ClCompile>
    <ClCompile Include="util\ImageLib\LoadTGA.cpp">
      <Filter>util\ImageLib</Filter>
    </ClCompile>
    <ClCompile Include="util\ImageLib\LoadBMP.cpp">
      <Filter>util\ImageLib</Filter>
    </ClCompile>
    <ClCompile Include="FuckWorld\dGPU.cpp">
      <Filter>FuckWorld</Filter>
    </ClCompile>
    <ClCompile Include="FuckWorld\Version.cpp">
      <Filter>FuckWorld</Filter>
    </ClCompile>
    <ClCompile Include="ServerBrowser\DialogServerPassword.cpp">
      <Filter>ServerBrowser</Filter>
    </ClCompile>
    <ClCompile Include="ServerBrowser\FavoriteGames.cpp">
      <Filter>ServerBrowser</Filter>
    </ClCompile>
    <ClCompile Include="ServerBrowser\getchallenge.cpp">
      <Filter>ServerBrowser</Filter>
    </ClCompile>
    <ClCompile Include="ServerBrowser\GetChallengeMsgHandler.cpp">
      <Filter>ServerBrowser</Filter>
    </ClCompile>
    <ClCompile Include="ServerBrowser\HistoryGames.cpp">
      <Filter>ServerBrowser</Filter>
    </ClCompile>
    <ClCompile Include="ServerBrowser\InternetGames.cpp">
      <Filter>ServerBrowser</Filter>
    </ClCompile>
    <ClCompile Include="ServerBrowser\LanBroadcastMsgHandler.cpp">
      <Filter>ServerBrowser</Filter>
    </ClCompile>
    <ClCompile Include="ServerBrowser\LanGames.cpp">
      <Filter>ServerBrowser</Filter>
    </ClCompile>
    <ClCompile Include="ServerBrowser\MasterMsgHandler.cpp">
      <Filter>ServerBrowser</Filter>
    </ClCompile>
    <ClCompile Include="ServerBrowser\playerinfo.cpp">
      <Filter>ServerBrowser</Filter>
    </ClCompile>
    <ClCompile Include="ServerBrowser\PlayerInfoMsgHandler.cpp">
      <Filter>ServerBrowser</Filter>
    </ClCompile>
    <ClCompile Include="ServerBrowser\ServerBrowser.cpp">
      <Filter>ServerBrowser</Filter>
    </ClCompile>
    <ClCompile Include="ServerBrowser\ServerBrowserDialog.cpp">
      <Filter>ServerBrowser</Filter>
    </ClCompile>
    <ClCompile Include="ServerBrowser\ServerContextMenu.cpp">
      <Filter>ServerBrowser</Filter>
    </ClCompile>
    <ClCompile Include="ServerBrowser\serverinfo.cpp">
      <Filter>ServerBrowser</Filter>
    </ClCompile>
    <ClCompile Include="ServerBrowser\ServerInfoMsgHandler.cpp">
      <Filter>ServerBrowser</Filter>
    </ClCompile>
    <ClCompile Include="ServerBrowser\ServerList.cpp">
      <Filter>ServerBrowser</Filter>
    </ClCompile>
    <ClCompile Include="ServerBrowser\ServerListCompare.cpp">
      <Filter>ServerBrowser</Filter>
    </ClCompile>
    <ClCompile Include="ServerBrowser\SpectateGames.cpp">
      <Filter>ServerBrowser</Filter>
    </ClCompile>
    <ClCompile Include="ServerBrowser\BaseGamesPage.cpp">
      <Filter>ServerBrowser</Filter>
    </ClCompile>
    <ClCompile Include="ServerBrowser\DialogAddServer.cpp">
      <Filter>ServerBrowser</Filter>
    </ClCompile>
    <ClCompile Include="ServerBrowser\DialogGameInfo.cpp">
      <Filter>ServerBrowser</Filter>
    </ClCompile>
    <ClCompile Include="FuckWorld\Hook_Surface.cpp">
      <Filter>FuckWorld</Filter>
    </ClCompile>
    <ClCompile Include="FuckWorld\Info.cpp">
      <Filter>FuckWorld</Filter>
    </ClCompile>
    <ClCompile Include="Client\z4e_damagestar.cpp">
      <Filter>Client\HUD</Filter>
    </ClCompile>
    <ClCompile Include="vgui2\vgui_surfacelib\FontManager.cpp">
      <Filter>vgui2\vgui_surfacelib</Filter>
    </ClCompile>
    <ClCompile Include="vgui2\vgui_surfacelib\Win32Font.cpp">
      <Filter>vgui2\vgui_surfacelib</Filter>
    </ClCompile>
    <ClCompile Include="vgui2\vgui_surfacelib\FontAmalgam.cpp">
      <Filter>vgui2\vgui_surfacelib</Filter>
    </ClCompile>
    <ClCompile Include="vgui2\MemoryBitmap.cpp">
      <Filter>vgui2</Filter>
    </ClCompile>
    <ClCompile Include="vgui2\Scheme.cpp">
      <Filter>vgui2</Filter>
    </ClCompile>
    <ClCompile Include="vgui2\system_win32.cpp">
      <Filter>vgui2</Filter>
    </ClCompile>
    <ClCompile Include="vgui2\UnicodeFileHelpers.cpp">
      <Filter>vgui2</Filter>
    </ClCompile>
    <ClCompile Include="vgui2\vgui.cpp">
      <Filter>vgui2</Filter>
    </ClCompile>
    <ClCompile Include="vgui2\vgui_key_translation.cpp">
      <Filter>vgui2</Filter>
    </ClCompile>
    <ClCompile Include="vgui2\VGuiKeyValues.cpp">
      <Filter>vgui2</Filter>
    </ClCompile>
    <ClCompile Include="vgui2\VPanel.cpp">
      <Filter>vgui2</Filter>
    </ClCompile>
    <ClCompile Include="vgui2\VPanelWrapper.cpp">
      <Filter>vgui2</Filter>
    </ClCompile>
    <ClCompile Include="vgui2\Bitmap.cpp">
      <Filter>vgui2</Filter>
    </ClCompile>
    <ClCompile Include="vgui2\Border.cpp">
      <Filter>vgui2</Filter>
    </ClCompile>
    <ClCompile Include="vgui2\HtmlWindow.cpp">
      <Filter>vgui2</Filter>
    </ClCompile>
    <ClCompile Include="vgui2\input.cpp">
      <Filter>vgui2</Filter>
    </ClCompile>
    <ClCompile Include="vgui2\LocalizedStringTable.cpp">
      <Filter>vgui2</Filter>
    </ClCompile>
    <ClCompile Include="SourceSDK\deadinput.cpp">
      <Filter>SourceSDK</Filter>
    </ClCompile>
  </ItemGroup>
  <ItemGroup>
    <ClInclude Include="Detours\detours.h">
      <Filter>Detours</Filter>
    </ClInclude>
    <ClInclude Include="Detours\detver.h">
      <Filter>Detours</Filter>
    </ClInclude>
    <ClInclude Include="MetaHook\LoadBlob.h">
      <Filter>MetaHook</Filter>
    </ClInclude>
    <ClInclude Include="MetaHook\ExceptHandle.h">
      <Filter>MetaHook</Filter>
    </ClInclude>
    <ClInclude Include="FuckWorld\engfuncs.h">
      <Filter>FuckWorld</Filter>
    </ClInclude>
    <ClInclude Include="FuckWorld\exportfuncs.h">
      <Filter>FuckWorld</Filter>
    </ClInclude>
    <ClInclude Include="Interface\IEngine.h">
      <Filter>Interface</Filter>
    </ClInclude>
    <ClInclude Include="Interface\IEngineSurface.h">
      <Filter>Interface</Filter>
    </ClInclude>
    <ClInclude Include="Interface\IFileSystem.h">
      <Filter>Interface</Filter>
    </ClInclude>
    <ClInclude Include="Interface\IGameConsole.h">
      <Filter>Interface</Filter>
    </ClInclude>
    <ClInclude Include="Interface\IGameList.h">
      <Filter>Interface</Filter>
    </ClInclude>
    <ClInclude Include="Interface\IGameUI.h">
      <Filter>Interface</Filter>
    </ClInclude>
    <ClInclude Include="Interface\IGameUIFuncs.h">
      <Filter>Interface</Filter>
    </ClInclude>
    <ClInclude Include="Interface\IKeyValuesSystem.h">
      <Filter>Interface</Filter>
    </ClInclude>
    <ClInclude Include="Interface\INetAPI.h">
      <Filter>Interface</Filter>
    </ClInclude>
    <ClInclude Include="Interface\IPlugins.h">
      <Filter>Interface</Filter>
    </ClInclude>
    <ClInclude Include="Interface\IPluginsV1.h">
      <Filter>Interface</Filter>
    </ClInclude>
    <ClInclude Include="Interface\IRegistry.h">
      <Filter>Interface</Filter>
    </ClInclude>
    <ClInclude Include="Interface\IResponse.h">
      <Filter>Interface</Filter>
    </ClInclude>
    <ClInclude Include="Interface\IServerBrowser.h">
      <Filter>Interface</Filter>
    </ClInclude>
    <ClInclude Include="Interface\IServerGetChallengeResponse.h">
      <Filter>Interface</Filter>
    </ClInclude>
    <ClInclude Include="Interface\IServerPlayersResponse.h">
      <Filter>Interface</Filter>
    </ClInclude>
    <ClInclude Include="Interface\IServerRefreshResponse.h">
      <Filter>Interface</Filter>
    </ClInclude>
    <ClInclude Include="Interface\IVGuiModule.h">
      <Filter>Interface</Filter>
    </ClInclude>
    <ClInclude Include="Interface\IBaseUI.h">
      <Filter>Interface</Filter>
    </ClInclude>
    <ClInclude Include="Interface\ICareerUI.h">
      <Filter>Interface</Filter>
    </ClInclude>
    <ClInclude Include="Interface\ICommandLine.h">
      <Filter>Interface</Filter>
    </ClInclude>
    <ClInclude Include="Interface\VGUI\IClientPanel.h">
      <Filter>Interface\VGUI</Filter>
    </ClInclude>
    <ClInclude Include="Interface\VGUI\IHTML.h">
      <Filter>Interface\VGUI</Filter>
    </ClInclude>
    <ClInclude Include="Interface\VGUI\IImage.h">
      <Filter>Interface\VGUI</Filter>
    </ClInclude>
    <ClInclude Include="Interface\VGUI\IInput.h">
      <Filter>Interface\VGUI</Filter>
    </ClInclude>
    <ClInclude Include="Interface\VGUI\IInputInternal.h">
      <Filter>Interface\VGUI</Filter>
    </ClInclude>
    <ClInclude Include="Interface\VGUI\ILocalize.h">
      <Filter>Interface\VGUI</Filter>
    </ClInclude>
    <ClInclude Include="Interface\VGUI\IPanel.h">
      <Filter>Interface\VGUI</Filter>
    </ClInclude>
    <ClInclude Include="Interface\VGUI\IScheme.h">
      <Filter>Interface\VGUI</Filter>
    </ClInclude>
    <ClInclude Include="Interface\VGUI\ISurface.h">
      <Filter>Interface\VGUI</Filter>
    </ClInclude>
    <ClInclude Include="Interface\VGUI\ISystem.h">
      <Filter>Interface\VGUI</Filter>
    </ClInclude>
    <ClInclude Include="Interface\VGUI\IVGUI.h">
      <Filter>Interface\VGUI</Filter>
    </ClInclude>
    <ClInclude Include="Interface\VGUI\KeyCode.h">
      <Filter>Interface\VGUI</Filter>
    </ClInclude>
    <ClInclude Include="Interface\VGUI\MouseCode.h">
      <Filter>Interface\VGUI</Filter>
    </ClInclude>
    <ClInclude Include="Interface\VGUI\Cursor.h">
      <Filter>Interface\VGUI</Filter>
    </ClInclude>
    <ClInclude Include="Interface\VGUI\Dar.h">
      <Filter>Interface\VGUI</Filter>
    </ClInclude>
    <ClInclude Include="Interface\VGUI\IBorder.h">
      <Filter>Interface\VGUI</Filter>
    </ClInclude>
    <ClInclude Include="SourceSDK\filesystem.h">
      <Filter>SourceSDK</Filter>
    </ClInclude>
    <ClInclude Include="SourceSDK\filesystem_helpers.h">
      <Filter>SourceSDK</Filter>
    </ClInclude>
    <ClInclude Include="SourceSDK\icvar.h">
      <Filter>SourceSDK</Filter>
    </ClInclude>
    <ClInclude Include="SourceSDK\modes.h">
      <Filter>SourceSDK</Filter>
    </ClInclude>
    <ClInclude Include="SourceSDK\OfflineMode.h">
      <Filter>SourceSDK</Filter>
    </ClInclude>
    <ClInclude Include="SourceSDK\winlite.h">
      <Filter>SourceSDK</Filter>
    </ClInclude>
    <ClInclude Include="SourceSDK\Color.h">
      <Filter>SourceSDK</Filter>
    </ClInclude>
    <ClInclude Include="SourceSDK\datamap.h">
      <Filter>SourceSDK</Filter>
    </ClInclude>
    <ClInclude Include="SourceSDK\vstdlib\random.h">
      <Filter>SourceSDK\vstdlib</Filter>
    </ClInclude>
    <ClInclude Include="SourceSDK\vstdlib\vstdlib.h">
      <Filter>SourceSDK\vstdlib</Filter>
    </ClInclude>
    <ClInclude Include="SourceSDK\vstdlib\IKeyValuesSystem.h">
      <Filter>SourceSDK\vstdlib</Filter>
    </ClInclude>
    <ClInclude Include="SourceSDK\tier1\memstack.h">
      <Filter>SourceSDK\tier1</Filter>
    </ClInclude>
    <ClInclude Include="SourceSDK\tier1\netadr.h">
      <Filter>SourceSDK\tier1</Filter>
    </ClInclude>
    <ClInclude Include="SourceSDK\tier1\stringpool.h">
      <Filter>SourceSDK\tier1</Filter>
    </ClInclude>
    <ClInclude Include="SourceSDK\tier1\strtools.h">
      <Filter>SourceSDK\tier1</Filter>
    </ClInclude>
    <ClInclude Include="SourceSDK\tier1\tier1.h">
      <Filter>SourceSDK\tier1</Filter>
    </ClInclude>
    <ClInclude Include="SourceSDK\tier1\utlblockmemory.h">
      <Filter>SourceSDK\tier1</Filter>
    </ClInclude>
    <ClInclude Include="SourceSDK\tier1\utlbuffer.h">
      <Filter>SourceSDK\tier1</Filter>
    </ClInclude>
    <ClInclude Include="SourceSDK\tier1\utldict.h">
      <Filter>SourceSDK\tier1</Filter>
    </ClInclude>
    <ClInclude Include="SourceSDK\tier1\utlfixedmemory.h">
      <Filter>SourceSDK\tier1</Filter>
    </ClInclude>
    <ClInclude Include="SourceSDK\tier1\utlflags.h">
      <Filter>SourceSDK\tier1</Filter>
    </ClInclude>
    <ClInclude Include="SourceSDK\tier1\utlhandletable.h">
      <Filter>SourceSDK\tier1</Filter>
    </ClInclude>
    <ClInclude Include="SourceSDK\tier1\utllinkedlist.h">
      <Filter>SourceSDK\tier1</Filter>
    </ClInclude>
    <ClInclude Include="SourceSDK\tier1\utlmap.h">
      <Filter>SourceSDK\tier1</Filter>
    </ClInclude>
    <ClInclude Include="SourceSDK\tier1\utlmemory.h">
      <Filter>SourceSDK\tier1</Filter>
    </ClInclude>
    <ClInclude Include="SourceSDK\tier1\utlqueue.h">
      <Filter>SourceSDK\tier1</Filter>
    </ClInclude>
    <ClInclude Include="SourceSDK\tier1\utlrbtree.h">
      <Filter>SourceSDK\tier1</Filter>
    </ClInclude>
    <ClInclude Include="SourceSDK\tier1\utlstring.h">
      <Filter>SourceSDK\tier1</Filter>
    </ClInclude>
    <ClInclude Include="SourceSDK\tier1\UtlStringMap.h">
      <Filter>SourceSDK\tier1</Filter>
    </ClInclude>
    <ClInclude Include="SourceSDK\tier1\utlsymbol.h">
      <Filter>SourceSDK\tier1</Filter>
    </ClInclude>
    <ClInclude Include="SourceSDK\tier1\utlvector.h">
      <Filter>SourceSDK\tier1</Filter>
    </ClInclude>
    <ClInclude Include="SourceSDK\tier1\byteswap.h">
      <Filter>SourceSDK\tier1</Filter>
    </ClInclude>
    <ClInclude Include="SourceSDK\tier1\characterset.h">
      <Filter>SourceSDK\tier1</Filter>
    </ClInclude>
    <ClInclude Include="SourceSDK\tier1\convar.h">
      <Filter>SourceSDK\tier1</Filter>
    </ClInclude>
    <ClInclude Include="SourceSDK\tier1\convar_serverbounded.h">
      <Filter>SourceSDK\tier1</Filter>
    </ClInclude>
    <ClInclude Include="SourceSDK\tier1\generichash.h">
      <Filter>SourceSDK\tier1</Filter>
    </ClInclude>
    <ClInclude Include="SourceSDK\tier1\iconvar.h">
      <Filter>SourceSDK\tier1</Filter>
    </ClInclude>
    <ClInclude Include="SourceSDK\tier1\interface.h">
      <Filter>SourceSDK\tier1</Filter>
    </ClInclude>
    <ClInclude Include="SourceSDK\tier1\KeyValues.h">
      <Filter>SourceSDK\tier1</Filter>
    </ClInclude>
    <ClInclude Include="SourceSDK\tier1\mempool.h">
      <Filter>SourceSDK\tier1</Filter>
    </ClInclude>
    <ClInclude Include="SourceSDK\tier0\pch_tier0.h">
      <Filter>SourceSDK\tier0</Filter>
    </ClInclude>
    <ClInclude Include="SourceSDK\tier0\platform.h">
      <Filter>SourceSDK\tier0</Filter>
    </ClInclude>
    <ClInclude Include="SourceSDK\tier0\protected_things.h">
      <Filter>SourceSDK\tier0</Filter>
    </ClInclude>
    <ClInclude Include="SourceSDK\tier0\resource.h">
      <Filter>SourceSDK\tier0</Filter>
    </ClInclude>
    <ClInclude Include="SourceSDK\tier0\threadtools.h">
      <Filter>SourceSDK\tier0</Filter>
    </ClInclude>
    <ClInclude Include="SourceSDK\tier0\tslist.h">
      <Filter>SourceSDK\tier0</Filter>
    </ClInclude>
    <ClInclude Include="SourceSDK\tier0\validator.h">
      <Filter>SourceSDK\tier0</Filter>
    </ClInclude>
    <ClInclude Include="SourceSDK\tier0\valobject.h">
      <Filter>SourceSDK\tier0</Filter>
    </ClInclude>
    <ClInclude Include="SourceSDK\tier0\valve_off.h">
      <Filter>SourceSDK\tier0</Filter>
    </ClInclude>
    <ClInclude Include="SourceSDK\tier0\valve_on.h">
      <Filter>SourceSDK\tier0</Filter>
    </ClInclude>
    <ClInclude Include="SourceSDK\tier0\vcr_shared.h">
      <Filter>SourceSDK\tier0</Filter>
    </ClInclude>
    <ClInclude Include="SourceSDK\tier0\vcrmode.h">
      <Filter>SourceSDK\tier0</Filter>
    </ClInclude>
    <ClInclude Include="SourceSDK\tier0\vprof.h">
      <Filter>SourceSDK\tier0</Filter>
    </ClInclude>
    <ClInclude Include="SourceSDK\tier0\wchartypes.h">
      <Filter>SourceSDK\tier0</Filter>
    </ClInclude>
    <ClInclude Include="SourceSDK\tier0\xbox_codeline_defines.h">
      <Filter>SourceSDK\tier0</Filter>
    </ClInclude>
    <ClInclude Include="SourceSDK\tier0\basetypes.h">
      <Filter>SourceSDK\tier0</Filter>
    </ClInclude>
    <ClInclude Include="SourceSDK\tier0\commonmacros.h">
      <Filter>SourceSDK\tier0</Filter>
    </ClInclude>
    <ClInclude Include="SourceSDK\tier0\dbg.h">
      <Filter>SourceSDK\tier0</Filter>
    </ClInclude>
    <ClInclude Include="SourceSDK\tier0\dbgflag.h">
      <Filter>SourceSDK\tier0</Filter>
    </ClInclude>
    <ClInclude Include="SourceSDK\tier0\fasttimer.h">
      <Filter>SourceSDK\tier0</Filter>
    </ClInclude>
    <ClInclude Include="SourceSDK\tier0\icommandline.h">
      <Filter>SourceSDK\tier0</Filter>
    </ClInclude>
    <ClInclude Include="SourceSDK\tier0\l2cache.h">
      <Filter>SourceSDK\tier0</Filter>
    </ClInclude>
    <ClInclude Include="SourceSDK\tier0\mem.h">
      <Filter>SourceSDK\tier0</Filter>
    </ClInclude>
    <ClInclude Include="SourceSDK\tier0\mem_helpers.h">
      <Filter>SourceSDK\tier0</Filter>
    </ClInclude>
    <ClInclude Include="SourceSDK\tier0\memalloc.h">
      <Filter>SourceSDK\tier0</Filter>
    </ClInclude>
    <ClInclude Include="SourceSDK\tier0\memdbg.h">
      <Filter>SourceSDK\tier0</Filter>
    </ClInclude>
    <ClInclude Include="SourceSDK\tier0\memdbgoff.h">
      <Filter>SourceSDK\tier0</Filter>
    </ClInclude>
    <ClInclude Include="SourceSDK\tier0\memdbgon.h">
      <Filter>SourceSDK\tier0</Filter>
    </ClInclude>
    <ClInclude Include="SourceSDK\tier0\memstd.h">
      <Filter>SourceSDK\tier0</Filter>
    </ClInclude>
    <ClInclude Include="SourceSDK\tier0\minidump.h">
      <Filter>SourceSDK\tier0</Filter>
    </ClInclude>
    <ClInclude Include="SourceSDK\mathlib\math_pfns.h">
      <Filter>SourceSDK\mathlib</Filter>
    </ClInclude>
    <ClInclude Include="SourceSDK\mathlib\mathlib.h">
      <Filter>SourceSDK\mathlib</Filter>
    </ClInclude>
    <ClInclude Include="SourceSDK\mathlib\sse.h">
      <Filter>SourceSDK\mathlib</Filter>
    </ClInclude>
    <ClInclude Include="SourceSDK\mathlib\ssemath.h">
      <Filter>SourceSDK\mathlib</Filter>
    </ClInclude>
    <ClInclude Include="SourceSDK\mathlib\ssequaternion.h">
      <Filter>SourceSDK\mathlib</Filter>
    </ClInclude>
    <ClInclude Include="SourceSDK\mathlib\vector.h">
      <Filter>SourceSDK\mathlib</Filter>
    </ClInclude>
    <ClInclude Include="SourceSDK\mathlib\vector2d.h">
      <Filter>SourceSDK\mathlib</Filter>
    </ClInclude>
    <ClInclude Include="SourceSDK\mathlib\3dnow.h">
      <Filter>SourceSDK\mathlib</Filter>
    </ClInclude>
    <ClInclude Include="SourceSDK\mathlib\amd3dx.h">
      <Filter>SourceSDK\mathlib</Filter>
    </ClInclude>
    <ClInclude Include="SourceSDK\inputsystem\ButtonCode.h">
      <Filter>SourceSDK\inputsystem</Filter>
    </ClInclude>
    <ClInclude Include="SourceSDK\inputsystem\InputEnums.h">
      <Filter>SourceSDK\inputsystem</Filter>
    </ClInclude>
    <ClInclude Include="SourceSDK\common\iappinformation.h">
      <Filter>SourceSDK\common</Filter>
    </ClInclude>
    <ClInclude Include="SourceSDK\common\IRunGameEngine.h">
      <Filter>SourceSDK\common</Filter>
    </ClInclude>
    <ClInclude Include="SourceSDK\common\SteamCommon.h">
      <Filter>SourceSDK\common</Filter>
    </ClInclude>
    <ClInclude Include="SourceSDK\common\FindSteamServers.h">
      <Filter>SourceSDK\common</Filter>
    </ClInclude>
    <ClInclude Include="SourceSDK\common\xbox\xbox_console.h">
      <Filter>SourceSDK\common\xbox</Filter>
    </ClInclude>
    <ClInclude Include="SourceSDK\appframework\IAppSystem.h">
      <Filter>SourceSDK\appframework</Filter>
    </ClInclude>
    <ClInclude Include="util\Encode.h">
      <Filter>util</Filter>
    </ClInclude>
    <ClInclude Include="FuckWorld\Modules.h">
      <Filter>FuckWorld</Filter>
    </ClInclude>
    <ClInclude Include="Interface\ISteamApps.h">
      <Filter>Interface</Filter>
    </ClInclude>
    <ClInclude Include="BugReport\BugReport.h">
      <Filter>BugReport</Filter>
    </ClInclude>
    <ClInclude Include="BugReport\CrashHandle.h">
      <Filter>BugReport</Filter>
    </ClInclude>
    <ClInclude Include="BugReport\resource.h">
      <Filter>BugReport</Filter>
    </ClInclude>
    <ClInclude Include="util\XorStr.h">
      <Filter>util</Filter>
    </ClInclude>
    <ClInclude Include="FuckWorld\BaseUI.h">
      <Filter>FuckWorld</Filter>
    </ClInclude>
    <ClInclude Include="FuckWorld\IMEInput.h">
      <Filter>FuckWorld</Filter>
    </ClInclude>
    <ClInclude Include="FuckWorld\mempatchs.h">
      <Filter>FuckWorld</Filter>
    </ClInclude>
    <ClInclude Include="FuckWorld\Window.h">
      <Filter>FuckWorld</Filter>
    </ClInclude>
    <ClInclude Include="GameUI\BitmapImagePanel.h">
      <Filter>GameUI\Controls</Filter>
    </ClInclude>
    <ClInclude Include="GameUI\CvarSlider.h">
      <Filter>GameUI\Controls</Filter>
    </ClInclude>
    <ClInclude Include="GameUI\CvarTextEntry.h">
      <Filter>GameUI\Controls</Filter>
    </ClInclude>
    <ClInclude Include="GameUI\CvarToggleCheckButton.h">
      <Filter>GameUI\Controls</Filter>
    </ClInclude>
    <ClInclude Include="GameUI\KeyToggleCheckButton.h">
      <Filter>GameUI\Controls</Filter>
    </ClInclude>
    <ClInclude Include="GameUI\LabeledCommandComboBox.h">
      <Filter>GameUI\Controls</Filter>
    </ClInclude>
    <ClInclude Include="GameUI\ToolBar.h">
      <Filter>GameUI\Controls</Filter>
    </ClInclude>
    <ClInclude Include="GameUI\URLButton.h">
      <Filter>GameUI\Controls</Filter>
    </ClInclude>
    <ClInclude Include="GameUI\CvarNegateCheckButton.h">
      <Filter>GameUI\Controls</Filter>
    </ClInclude>
    <ClInclude Include="GameUI\EngineInterface.h">
      <Filter>GameUI</Filter>
    </ClInclude>
    <ClInclude Include="GameUI\CreateMultiplayerGameBotPage.h">
      <Filter>GameUI\CreateMultiPlayerGameDialog</Filter>
    </ClInclude>
    <ClInclude Include="GameUI\CreateMultiplayerGameGameplayPage.h">
      <Filter>GameUI\CreateMultiPlayerGameDialog</Filter>
    </ClInclude>
    <ClInclude Include="GameUI\CreateMultiplayerGameServerPage.h">
      <Filter>GameUI\CreateMultiPlayerGameDialog</Filter>
    </ClInclude>
    <ClInclude Include="GameUI\OptionsSubAudio.h">
      <Filter>GameUI\OptionsDialog</Filter>
    </ClInclude>
    <ClInclude Include="GameUI\OptionsSubKeyboard.h">
      <Filter>GameUI\OptionsDialog</Filter>
    </ClInclude>
    <ClInclude Include="GameUI\OptionsSubMouse.h">
      <Filter>GameUI\OptionsDialog</Filter>
    </ClInclude>
    <ClInclude Include="GameUI\OptionsSubMultiplayer.h">
      <Filter>GameUI\OptionsDialog</Filter>
    </ClInclude>
    <ClInclude Include="GameUI\OptionsSubVideo.h">
      <Filter>GameUI\OptionsDialog</Filter>
    </ClInclude>
    <ClInclude Include="GameUI\OptionsSubVoice.h">
      <Filter>GameUI\OptionsDialog</Filter>
    </ClInclude>
    <ClInclude Include="GameUI\OptionsSubAdvanced.h">
      <Filter>GameUI\OptionsDialog</Filter>
    </ClInclude>
    <ClInclude Include="GameUI\MultiplayerAdvancedDialog.h">
      <Filter>GameUI\OptionsDialog</Filter>
    </ClInclude>
    <ClInclude Include="GameUI\LogoFile.h">
      <Filter>GameUI\OptionsDialog</Filter>
    </ClInclude>
    <ClInclude Include="GameUI\BasePanel.h">
      <Filter>GameUI</Filter>
    </ClInclude>
    <ClInclude Include="GameUI\BackgroundMenuButton.h">
      <Filter>GameUI</Filter>
    </ClInclude>
    <ClInclude Include="GameUI\CreateMultiplayerGameDialog.h">
      <Filter>GameUI</Filter>
    </ClInclude>
    <ClInclude Include="GameUI\GameConsole.h">
      <Filter>GameUI</Filter>
    </ClInclude>
    <ClInclude Include="GameUI\GameConsoleDialog.h">
      <Filter>GameUI</Filter>
    </ClInclude>
    <ClInclude Include="GameUI\GameUI_Interface.h">
      <Filter>GameUI</Filter>
    </ClInclude>
    <ClInclude Include="GameUI\LoadingDialog.h">
      <Filter>GameUI</Filter>
    </ClInclude>
    <ClInclude Include="GameUI\ModInfo.h">
      <Filter>GameUI</Filter>
    </ClInclude>
    <ClInclude Include="GameUI\PanelListPanel.h">
      <Filter>GameUI</Filter>
    </ClInclude>
    <ClInclude Include="GameUI\ScriptObject.h">
      <Filter>GameUI</Filter>
    </ClInclude>
    <ClInclude Include="GameUI\OptionsDialog.h">
      <Filter>GameUI</Filter>
    </ClInclude>
    <ClInclude Include="util\common.h">
      <Filter>util</Filter>
    </ClInclude>
    <ClInclude Include="util\sys.h">
      <Filter>util</Filter>
    </ClInclude>
    <ClInclude Include="FuckWorld\SteamAPI.h">
      <Filter>FuckWorld</Filter>
    </ClInclude>
    <ClInclude Include="GameUI\VControlsListPanel.h">
      <Filter>GameUI\Controls</Filter>
    </ClInclude>
    <ClInclude Include="vgui2\vgui_controls\AnimationController.h">
      <Filter>vgui2\vgui_controls</Filter>
    </ClInclude>
    <ClInclude Include="vgui2\vgui_controls\BitmapImagePanel.h">
      <Filter>vgui2\vgui_controls</Filter>
    </ClInclude>
    <ClInclude Include="vgui2\vgui_controls\BuildGroup.h">
      <Filter>vgui2\vgui_controls</Filter>
    </ClInclude>
    <ClInclude Include="vgui2\vgui_controls\BuildModeDialog.h">
      <Filter>vgui2\vgui_controls</Filter>
    </ClInclude>
    <ClInclude Include="vgui2\vgui_controls\Button.h">
      <Filter>vgui2\vgui_controls</Filter>
    </ClInclude>
    <ClInclude Include="vgui2\vgui_controls\CheckButton.h">
      <Filter>vgui2\vgui_controls</Filter>
    </ClInclude>
    <ClInclude Include="vgui2\vgui_controls\CheckButtonList.h">
      <Filter>vgui2\vgui_controls</Filter>
    </ClInclude>
    <ClInclude Include="vgui2\vgui_controls\CircularProgressBar.h">
      <Filter>vgui2\vgui_controls</Filter>
    </ClInclude>
    <ClInclude Include="vgui2\vgui_controls\ComboBox.h">
      <Filter>vgui2\vgui_controls</Filter>
    </ClInclude>
    <ClInclude Include="vgui2\vgui_controls\consoledialog.h">
      <Filter>vgui2\vgui_controls</Filter>
    </ClInclude>
    <ClInclude Include="vgui2\vgui_controls\ControllerMap.h">
      <Filter>vgui2\vgui_controls</Filter>
    </ClInclude>
    <ClInclude Include="vgui2\vgui_controls\Controls.h">
      <Filter>vgui2\vgui_controls</Filter>
    </ClInclude>
    <ClInclude Include="vgui2\vgui_controls\DialogManager.h">
      <Filter>vgui2\vgui_controls</Filter>
    </ClInclude>
    <ClInclude Include="vgui2\vgui_controls\DirectorySelectDialog.h">
      <Filter>vgui2\vgui_controls</Filter>
    </ClInclude>
    <ClInclude Include="vgui2\vgui_controls\Divider.h">
      <Filter>vgui2\vgui_controls</Filter>
    </ClInclude>
    <ClInclude Include="vgui2\vgui_controls\EditablePanel.h">
      <Filter>vgui2\vgui_controls</Filter>
    </ClInclude>
    <ClInclude Include="vgui2\vgui_controls\ExpandButton.h">
      <Filter>vgui2\vgui_controls</Filter>
    </ClInclude>
    <ClInclude Include="vgui2\vgui_controls\FileOpenDialog.h">
      <Filter>vgui2\vgui_controls</Filter>
    </ClInclude>
    <ClInclude Include="vgui2\vgui_controls\FocusNavGroup.h">
      <Filter>vgui2\vgui_controls</Filter>
    </ClInclude>
    <ClInclude Include="vgui2\vgui_controls\Frame.h">
      <Filter>vgui2\vgui_controls</Filter>
    </ClInclude>
    <ClInclude Include="vgui2\vgui_controls\GraphPanel.h">
      <Filter>vgui2\vgui_controls</Filter>
    </ClInclude>
    <ClInclude Include="vgui2\vgui_controls\HTML.h">
      <Filter>vgui2\vgui_controls</Filter>
    </ClInclude>
    <ClInclude Include="vgui2\vgui_controls\Image.h">
      <Filter>vgui2\vgui_controls</Filter>
    </ClInclude>
    <ClInclude Include="vgui2\vgui_controls\ImageList.h">
      <Filter>vgui2\vgui_controls</Filter>
    </ClInclude>
    <ClInclude Include="vgui2\vgui_controls\ImagePanel.h">
      <Filter>vgui2\vgui_controls</Filter>
    </ClInclude>
    <ClInclude Include="vgui2\vgui_controls\InputDialog.h">
      <Filter>vgui2\vgui_controls</Filter>
    </ClInclude>
    <ClInclude Include="vgui2\vgui_controls\KeyBindingMap.h">
      <Filter>vgui2\vgui_controls</Filter>
    </ClInclude>
    <ClInclude Include="vgui2\vgui_controls\KeyRepeat.h">
      <Filter>vgui2\vgui_controls</Filter>
    </ClInclude>
    <ClInclude Include="vgui2\vgui_controls\Label.h">
      <Filter>vgui2\vgui_controls</Filter>
    </ClInclude>
    <ClInclude Include="vgui2\vgui_controls\ListPanel.h">
      <Filter>vgui2\vgui_controls</Filter>
    </ClInclude>
    <ClInclude Include="vgui2\vgui_controls\ListViewPanel.h">
      <Filter>vgui2\vgui_controls</Filter>
    </ClInclude>
    <ClInclude Include="vgui2\vgui_controls\Menu.h">
      <Filter>vgui2\vgui_controls</Filter>
    </ClInclude>
    <ClInclude Include="vgui2\vgui_controls\MenuBar.h">
      <Filter>vgui2\vgui_controls</Filter>
    </ClInclude>
    <ClInclude Include="vgui2\vgui_controls\MenuButton.h">
      <Filter>vgui2\vgui_controls</Filter>
    </ClInclude>
    <ClInclude Include="vgui2\vgui_controls\MenuItem.h">
      <Filter>vgui2\vgui_controls</Filter>
    </ClInclude>
    <ClInclude Include="vgui2\vgui_controls\MessageBox.h">
      <Filter>vgui2\vgui_controls</Filter>
    </ClInclude>
    <ClInclude Include="vgui2\vgui_controls\MessageDialog.h">
      <Filter>vgui2\vgui_controls</Filter>
    </ClInclude>
    <ClInclude Include="vgui2\vgui_controls\MessageMap.h">
      <Filter>vgui2\vgui_controls</Filter>
    </ClInclude>
    <ClInclude Include="vgui2\vgui_controls\Panel.h">
      <Filter>vgui2\vgui_controls</Filter>
    </ClInclude>
    <ClInclude Include="vgui2\vgui_controls\PanelAnimationVar.h">
      <Filter>vgui2\vgui_controls</Filter>
    </ClInclude>
    <ClInclude Include="vgui2\vgui_controls\PanelListPanel.h">
      <Filter>vgui2\vgui_controls</Filter>
    </ClInclude>
    <ClInclude Include="vgui2\vgui_controls\pch_vgui_controls.h">
      <Filter>vgui2\vgui_controls</Filter>
    </ClInclude>
    <ClInclude Include="vgui2\vgui_controls\PHandle.h">
      <Filter>vgui2\vgui_controls</Filter>
    </ClInclude>
    <ClInclude Include="vgui2\vgui_controls\ProgressBar.h">
      <Filter>vgui2\vgui_controls</Filter>
    </ClInclude>
    <ClInclude Include="vgui2\vgui_controls\ProgressBox.h">
      <Filter>vgui2\vgui_controls</Filter>
    </ClInclude>
    <ClInclude Include="vgui2\vgui_controls\PropertyDialog.h">
      <Filter>vgui2\vgui_controls</Filter>
    </ClInclude>
    <ClInclude Include="vgui2\vgui_controls\PropertyPage.h">
      <Filter>vgui2\vgui_controls</Filter>
    </ClInclude>
    <ClInclude Include="vgui2\vgui_controls\PropertySheet.h">
      <Filter>vgui2\vgui_controls</Filter>
    </ClInclude>
    <ClInclude Include="vgui2\vgui_controls\QueryBox.h">
      <Filter>vgui2\vgui_controls</Filter>
    </ClInclude>
    <ClInclude Include="vgui2\vgui_controls\RadioButton.h">
      <Filter>vgui2\vgui_controls</Filter>
    </ClInclude>
    <ClInclude Include="vgui2\vgui_controls\RichText.h">
      <Filter>vgui2\vgui_controls</Filter>
    </ClInclude>
    <ClInclude Include="vgui2\vgui_controls\RotatingProgressBar.h">
      <Filter>vgui2\vgui_controls</Filter>
    </ClInclude>
    <ClInclude Include="vgui2\vgui_controls\savedocumentquery.h">
      <Filter>vgui2\vgui_controls</Filter>
    </ClInclude>
    <ClInclude Include="vgui2\vgui_controls\ScrollableEditablePanel.h">
      <Filter>vgui2\vgui_controls</Filter>
    </ClInclude>
    <ClInclude Include="vgui2\vgui_controls\ScrollBar.h">
      <Filter>vgui2\vgui_controls</Filter>
    </ClInclude>
    <ClInclude Include="vgui2\vgui_controls\ScrollBarSlider.h">
      <Filter>vgui2\vgui_controls</Filter>
    </ClInclude>
    <ClInclude Include="vgui2\vgui_controls\SectionedListPanel.h">
      <Filter>vgui2\vgui_controls</Filter>
    </ClInclude>
    <ClInclude Include="vgui2\vgui_controls\Slider.h">
      <Filter>vgui2\vgui_controls</Filter>
    </ClInclude>
    <ClInclude Include="vgui2\vgui_controls\Splitter.h">
      <Filter>vgui2\vgui_controls</Filter>
    </ClInclude>
    <ClInclude Include="vgui2\vgui_controls\subrectimage.h">
      <Filter>vgui2\vgui_controls</Filter>
    </ClInclude>
    <ClInclude Include="vgui2\vgui_controls\TextEntry.h">
      <Filter>vgui2\vgui_controls</Filter>
    </ClInclude>
    <ClInclude Include="vgui2\vgui_controls\TextImage.h">
      <Filter>vgui2\vgui_controls</Filter>
    </ClInclude>
    <ClInclude Include="vgui2\vgui_controls\ToggleButton.h">
      <Filter>vgui2\vgui_controls</Filter>
    </ClInclude>
    <ClInclude Include="vgui2\vgui_controls\Tooltip.h">
      <Filter>vgui2\vgui_controls</Filter>
    </ClInclude>
    <ClInclude Include="vgui2\vgui_controls\ToolWindow.h">
      <Filter>vgui2\vgui_controls</Filter>
    </ClInclude>
    <ClInclude Include="vgui2\vgui_controls\TreeView.h">
      <Filter>vgui2\vgui_controls</Filter>
    </ClInclude>
    <ClInclude Include="vgui2\vgui_controls\TreeViewListControl.h">
      <Filter>vgui2\vgui_controls</Filter>
    </ClInclude>
    <ClInclude Include="vgui2\vgui_controls\URLLabel.h">
      <Filter>vgui2\vgui_controls</Filter>
    </ClInclude>
    <ClInclude Include="vgui2\vgui_controls\WizardPanel.h">
      <Filter>vgui2\vgui_controls</Filter>
    </ClInclude>
    <ClInclude Include="vgui2\vgui_controls\WizardSubPanel.h">
      <Filter>vgui2\vgui_controls</Filter>
    </ClInclude>
    <ClInclude Include="vgui2\vgui_controls\AnalogBar.h">
      <Filter>vgui2\vgui_controls</Filter>
    </ClInclude>
    <ClInclude Include="vgui2\vgui_controls\AnimatingImagePanel.h">
      <Filter>vgui2\vgui_controls</Filter>
    </ClInclude>
    <ClInclude Include="FuckWorld\Hook_Scheme.h">
      <Filter>FuckWorld</Filter>
    </ClInclude>
    <ClInclude Include="util\Socket.h">
      <Filter>util</Filter>
    </ClInclude>
    <ClInclude Include="util\msgbuffer.h">
      <Filter>util</Filter>
    </ClInclude>
    <ClInclude Include="FuckWorld\CVARs.h">
      <Filter>FuckWorld</Filter>
    </ClInclude>
    <ClInclude Include="FuckWorld\Hook_FileSystem.h">
      <Filter>FuckWorld</Filter>
    </ClInclude>
    <ClInclude Include="FuckWorld\Hook_KeyValuesSystem.h">
      <Filter>FuckWorld</Filter>
    </ClInclude>
    <ClInclude Include="Client\VGuiLibrary.h">
      <Filter>Client</Filter>
    </ClInclude>
    <ClInclude Include="Client\view.h">
      <Filter>Client</Filter>
    </ClInclude>
    <ClInclude Include="Client\viewmodel.h">
      <Filter>Client</Filter>
    </ClInclude>
    <ClInclude Include="Client\ViewPort.h">
      <Filter>Client</Filter>
    </ClInclude>
    <ClInclude Include="Client\ViewPortPanel.h">
      <Filter>Client</Filter>
    </ClInclude>
    <ClInclude Include="Client\BackGroundPanel.h">
      <Filter>Client</Filter>
    </ClInclude>
    <ClInclude Include="Client\BaseViewport.h">
      <Filter>Client</Filter>
    </ClInclude>
    <ClInclude Include="Client\calcscreen.h">
      <Filter>Client</Filter>
    </ClInclude>
    <ClInclude Include="Client\cl_dll.h">
      <Filter>Client</Filter>
    </ClInclude>
    <ClInclude Include="Client\cl_util.h">
      <Filter>Client</Filter>
    </ClInclude>
    <ClInclude Include="Client\CounterStrikeViewport.h">
      <Filter>Client</Filter>
    </ClInclude>
    <ClInclude Include="Client\CSBackGroundPanel.h">
      <Filter>Client</Filter>
    </ClInclude>
    <ClInclude Include="Client\demo.h">
      <Filter>Client</Filter>
    </ClInclude>
    <ClInclude Include="Client\in_defs.h">
      <Filter>Client</Filter>
    </ClInclude>
    <ClInclude Include="Client\interpolation.h">
      <Filter>Client</Filter>
    </ClInclude>
    <ClInclude Include="Client\kbutton.h">
      <Filter>Client</Filter>
    </ClInclude>
    <ClInclude Include="Client\links.h">
      <Filter>Client</Filter>
    </ClInclude>
    <ClInclude Include="Client\parsemsg.h">
      <Filter>Client</Filter>
    </ClInclude>
    <ClInclude Include="Client\player.h">
      <Filter>Client</Filter>
    </ClInclude>
    <ClInclude Include="Client\shared_util.h">
      <Filter>Client</Filter>
    </ClInclude>
    <ClInclude Include="Client\TeamFortressViewport.h">
      <Filter>Client</Filter>
    </ClInclude>
    <ClInclude Include="Client\tri.h">
      <Filter>Client</Filter>
    </ClInclude>
    <ClInclude Include="Client\vgui_int.h">
      <Filter>Client</Filter>
    </ClInclude>
    <ClInclude Include="Client\buy_presets\buy_presets.h">
      <Filter>Client\buy_presets</Filter>
    </ClInclude>
    <ClInclude Include="Client\buy_presets\buy_preset_debug.h">
      <Filter>Client\buy_presets</Filter>
    </ClInclude>
    <ClInclude Include="Client\game_controls\buymenu.h">
      <Filter>Client\game_controls</Filter>
    </ClInclude>
    <ClInclude Include="Client\game_controls\buysubmenu.h">
      <Filter>Client\game_controls</Filter>
    </ClInclude>
    <ClInclude Include="Client\game_controls\classmenu.h">
      <Filter>Client\game_controls</Filter>
    </ClInclude>
    <ClInclude Include="Client\game_controls\ClientScoreBoardDialog.h">
      <Filter>Client\game_controls</Filter>
    </ClInclude>
    <ClInclude Include="Client\game_controls\commandmenu.h">
      <Filter>Client\game_controls</Filter>
    </ClInclude>
    <ClInclude Include="Client\game_controls\mouseoverpanelbutton.h">
      <Filter>Client\game_controls</Filter>
    </ClInclude>
    <ClInclude Include="Client\game_controls\NavProgress.h">
      <Filter>Client\game_controls</Filter>
    </ClInclude>
    <ClInclude Include="Client\game_controls\SpectatorGUI.h">
      <Filter>Client\game_controls</Filter>
    </ClInclude>
    <ClInclude Include="Client\game_controls\teammenu.h">
      <Filter>Client\game_controls</Filter>
    </ClInclude>
    <ClInclude Include="Client\game_controls\vguitextwindow.h">
      <Filter>Client\game_controls</Filter>
    </ClInclude>
    <ClInclude Include="Client\game_shared\bitvec.h">
      <Filter>Client\game_shared</Filter>
    </ClInclude>
    <ClInclude Include="Client\game_shared\voice_banmgr.h">
      <Filter>Client\game_shared</Filter>
    </ClInclude>
    <ClInclude Include="Client\game_shared\voice_common.h">
      <Filter>Client\game_shared</Filter>
    </ClInclude>
    <ClInclude Include="Client\game_shared\voice_status.h">
      <Filter>Client\game_shared</Filter>
    </ClInclude>
    <ClInclude Include="Client\game_shared\voice_status_hud.h">
      <Filter>Client\game_shared</Filter>
    </ClInclude>
    <ClInclude Include="FuckWorld\cmd.h">
      <Filter>FuckWorld</Filter>
    </ClInclude>
    <ClInclude Include="util\model_util.h">
      <Filter>util</Filter>
    </ClInclude>
    <ClInclude Include="util\msghook.h">
      <Filter>util</Filter>
    </ClInclude>
    <ClInclude Include="Renderer\qgl.h">
      <Filter>Renderer</Filter>
    </ClInclude>
    <ClInclude Include="Library\gl\gl.h">
      <Filter>Library\gl</Filter>
    </ClInclude>
    <ClInclude Include="Library\gl\glext.h">
      <Filter>Library\gl</Filter>
    </ClInclude>
    <ClInclude Include="Library\gl\glut.h">
      <Filter>Library\gl</Filter>
    </ClInclude>
    <ClInclude Include="FuckWorld\Video.h">
      <Filter>FuckWorld</Filter>
    </ClInclude>
    <ClInclude Include="FuckWorld\gamma.h">
      <Filter>FuckWorld</Filter>
    </ClInclude>
    <ClInclude Include="Client\VGUI\buymouseoverpanelbutton.h">
      <Filter>Client\VGUI</Filter>
    </ClInclude>
    <ClInclude Include="Client\VGUI\buypresetbutton.h">
      <Filter>Client\VGUI</Filter>
    </ClInclude>
    <ClInclude Include="Client\VGUI\buypreset_weaponsetlabel.h">
      <Filter>Client\VGUI</Filter>
    </ClInclude>
    <ClInclude Include="Client\VGUI\chatdialog.h">
      <Filter>Client\VGUI</Filter>
    </ClInclude>
    <ClInclude Include="Client\VGUI\csbtegraphicmenu.h">
      <Filter>Client\VGUI</Filter>
    </ClInclude>
    <ClInclude Include="Client\VGUI\cstrikebuymenu.h">
      <Filter>Client\VGUI</Filter>
    </ClInclude>
    <ClInclude Include="Client\VGUI\cstrikebuysubmenu.h">
      <Filter>Client\VGUI</Filter>
    </ClInclude>
    <ClInclude Include="Client\VGUI\cstrikechatdialog.h">
      <Filter>Client\VGUI</Filter>
    </ClInclude>
    <ClInclude Include="Client\VGUI\cstrikeclassmenu.h">
      <Filter>Client\VGUI</Filter>
    </ClInclude>
    <ClInclude Include="Client\VGUI\cstrikeclientscoreboard.h">
      <Filter>Client\VGUI</Filter>
    </ClInclude>
    <ClInclude Include="Client\VGUI\cstrikespectatorgui.h">
      <Filter>Client\VGUI</Filter>
    </ClInclude>
    <ClInclude Include="Client\VGUI\cstriketeammenu.h">
      <Filter>Client\VGUI</Filter>
    </ClInclude>
    <ClInclude Include="Client\VGUI\cstriketextwindow.h">
      <Filter>Client\VGUI</Filter>
    </ClInclude>
    <ClInclude Include="Client\VGUI\hud_element.h">
      <Filter>Client\VGUI</Filter>
    </ClInclude>
    <ClInclude Include="Client\VGUI\hud_layer.h">
      <Filter>Client\VGUI</Filter>
    </ClInclude>
    <ClInclude Include="Client\VGUI\hud_menu.h">
      <Filter>Client\VGUI</Filter>
    </ClInclude>
    <ClInclude Include="Client\VGUI\hud_radar.h">
      <Filter>Client\VGUI</Filter>
    </ClInclude>
    <ClInclude Include="Client\VGUI\newmouseoverpanelbutton.h">
      <Filter>Client\VGUI</Filter>
    </ClInclude>
    <ClInclude Include="Client\inputw32.h">
      <Filter>Client</Filter>
    </ClInclude>
    <ClInclude Include="Client\entity.h">
      <Filter>Client</Filter>
    </ClInclude>
    <ClInclude Include="Client\in_camera.h">
      <Filter>Client</Filter>
    </ClInclude>
    <ClInclude Include="Client\ammo.h">
      <Filter>Client\HUD</Filter>
    </ClInclude>
    <ClInclude Include="Client\ammohistory.h">
      <Filter>Client\HUD</Filter>
    </ClInclude>
    <ClInclude Include="Client\headname.h">
      <Filter>Client\HUD</Filter>
    </ClInclude>
    <ClInclude Include="Client\health.h">
      <Filter>Client\HUD</Filter>
    </ClInclude>
    <ClInclude Include="Client\hud.h">
      <Filter>Client\HUD</Filter>
    </ClInclude>
    <ClInclude Include="Client\hud_spectator.h">
      <Filter>Client\HUD</Filter>
    </ClInclude>
    <ClInclude Include="Client\hud_util.h">
      <Filter>Client\HUD</Filter>
    </ClInclude>
    <ClInclude Include="Client\nightvision.h">
      <Filter>Client\HUD</Filter>
    </ClInclude>
    <ClInclude Include="Client\graphicmenu.h">
      <Filter>Client\HUD</Filter>
    </ClInclude>
    <ClInclude Include="Client\radar.h">
      <Filter>Client\HUD</Filter>
    </ClInclude>
    <ClInclude Include="Client\thirdperson.h">
      <Filter>Client\HUD</Filter>
    </ClInclude>
    <ClInclude Include="Client\GameStudioModelRenderer.h">
      <Filter>Client\Studio</Filter>
    </ClInclude>
    <ClInclude Include="Client\StudioModelRenderer.h">
      <Filter>Client\Studio</Filter>
    </ClInclude>
    <ClInclude Include="Client\studio_util.h">
      <Filter>Client\Studio</Filter>
    </ClInclude>
    <ClInclude Include="Client\ev_hldm.h">
      <Filter>Client\events</Filter>
    </ClInclude>
    <ClInclude Include="Client\events.h">
      <Filter>Client\events</Filter>
    </ClInclude>
    <ClInclude Include="Client\eventscripts.h">
      <Filter>Client\events</Filter>
    </ClInclude>
    <ClInclude Include="Client\weapons.h">
      <Filter>Client\cs_wpn</Filter>
    </ClInclude>
    <ClInclude Include="Client\weapon_csbase.h">
      <Filter>Client\cs_wpn</Filter>
    </ClInclude>
    <ClInclude Include="Client\com_weapons.h">
      <Filter>Client\cs_wpn</Filter>
    </ClInclude>
    <ClInclude Include="util\ImageLib\LoadBMP.h">
      <Filter>util\ImageLib</Filter>
    </ClInclude>
    <ClInclude Include="util\ImageLib\LoadTGA.h">
      <Filter>util\ImageLib</Filter>
    </ClInclude>
    <ClInclude Include="Resource\resource.h" />
    <ClInclude Include="FuckWorld\Version.h">
      <Filter>FuckWorld</Filter>
    </ClInclude>
    <ClInclude Include="ServerBrowser\DialogGameInfo.h">
      <Filter>ServerBrowser</Filter>
    </ClInclude>
    <ClInclude Include="ServerBrowser\DialogServerPassword.h">
      <Filter>ServerBrowser</Filter>
    </ClInclude>
    <ClInclude Include="ServerBrowser\EngineInterface.h">
      <Filter>ServerBrowser</Filter>
    </ClInclude>
    <ClInclude Include="ServerBrowser\FavoriteGames.h">
      <Filter>ServerBrowser</Filter>
    </ClInclude>
    <ClInclude Include="ServerBrowser\getchallenge.h">
      <Filter>ServerBrowser</Filter>
    </ClInclude>
    <ClInclude Include="ServerBrowser\GetChallengeMsgHandler.h">
      <Filter>ServerBrowser</Filter>
    </ClInclude>
    <ClInclude Include="ServerBrowser\HistoryGames.h">
      <Filter>ServerBrowser</Filter>
    </ClInclude>
    <ClInclude Include="ServerBrowser\InternetGames.h">
      <Filter>ServerBrowser</Filter>
    </ClInclude>
    <ClInclude Include="ServerBrowser\LanBroadcastMsgHandler.h">
      <Filter>ServerBrowser</Filter>
    </ClInclude>
    <ClInclude Include="ServerBrowser\LanGames.h">
      <Filter>ServerBrowser</Filter>
    </ClInclude>
    <ClInclude Include="ServerBrowser\MasterMsgHandler.h">
      <Filter>ServerBrowser</Filter>
    </ClInclude>
    <ClInclude Include="ServerBrowser\playerinfo.h">
      <Filter>ServerBrowser</Filter>
    </ClInclude>
    <ClInclude Include="ServerBrowser\PlayerInfoMsgHandler.h">
      <Filter>ServerBrowser</Filter>
    </ClInclude>
    <ClInclude Include="ServerBrowser\server.h">
      <Filter>ServerBrowser</Filter>
    </ClInclude>
    <ClInclude Include="ServerBrowser\ServerBrowser.h">
      <Filter>ServerBrowser</Filter>
    </ClInclude>
    <ClInclude Include="ServerBrowser\ServerBrowserDialog.h">
      <Filter>ServerBrowser</Filter>
    </ClInclude>
    <ClInclude Include="ServerBrowser\ServerContextMenu.h">
      <Filter>ServerBrowser</Filter>
    </ClInclude>
    <ClInclude Include="ServerBrowser\serverinfo.h">
      <Filter>ServerBrowser</Filter>
    </ClInclude>
    <ClInclude Include="ServerBrowser\ServerInfoMsgHandler.h">
      <Filter>ServerBrowser</Filter>
    </ClInclude>
    <ClInclude Include="ServerBrowser\ServerList.h">
      <Filter>ServerBrowser</Filter>
    </ClInclude>
    <ClInclude Include="ServerBrowser\ServerListCompare.h">
      <Filter>ServerBrowser</Filter>
    </ClInclude>
    <ClInclude Include="ServerBrowser\SpectateGames.h">
      <Filter>ServerBrowser</Filter>
    </ClInclude>
    <ClInclude Include="ServerBrowser\BaseGamesPage.h">
      <Filter>ServerBrowser</Filter>
    </ClInclude>
    <ClInclude Include="ServerBrowser\DialogAddServer.h">
      <Filter>ServerBrowser</Filter>
    </ClInclude>
    <ClInclude Include="FuckWorld\Hook_Surface.h">
      <Filter>FuckWorld</Filter>
    </ClInclude>
    <ClInclude Include="FuckWorld\Info.h">
      <Filter>FuckWorld</Filter>
    </ClInclude>
    <ClInclude Include="Client\z4e_damagestar.h">
      <Filter>Client\HUD</Filter>
    </ClInclude>
    <ClInclude Include="vgui2\vgui_surfacelib\FontManager.h">
      <Filter>vgui2\vgui_surfacelib</Filter>
    </ClInclude>
    <ClInclude Include="vgui2\vgui_surfacelib\Win32Font.h">
      <Filter>vgui2\vgui_surfacelib</Filter>
    </ClInclude>
    <ClInclude Include="vgui2\vgui_surfacelib\FontAmalgam.h">
      <Filter>vgui2\vgui_surfacelib</Filter>
    </ClInclude>
    <ClInclude Include="vgui2\LocalizedStringTable.h">
      <Filter>vgui2</Filter>
    </ClInclude>
    <ClInclude Include="vgui2\Memorybitmap.h">
      <Filter>vgui2</Filter>
    </ClInclude>
    <ClInclude Include="vgui2\system_win32.h">
      <Filter>vgui2</Filter>
    </ClInclude>
    <ClInclude Include="vgui2\UnicodeFileHelpers.h">
      <Filter>vgui2</Filter>
    </ClInclude>
    <ClInclude Include="vgui2\vgui.h">
      <Filter>vgui2</Filter>
    </ClInclude>
    <ClInclude Include="vgui2\vgui_key_translation.h">
      <Filter>vgui2</Filter>
    </ClInclude>
    <ClInclude Include="vgui2\VGuiKeyValues.h">
      <Filter>vgui2</Filter>
    </ClInclude>
    <ClInclude Include="vgui2\VPanel.h">
      <Filter>vgui2</Filter>
    </ClInclude>
    <ClInclude Include="vgui2\VPanelWrapper.h">
      <Filter>vgui2</Filter>
    </ClInclude>
    <ClInclude Include="vgui2\Bitmap.h">
      <Filter>vgui2</Filter>
    </ClInclude>
    <ClInclude Include="vgui2\Border.h">
      <Filter>vgui2</Filter>
    </ClInclude>
    <ClInclude Include="vgui2\HtmlWindow.h">
      <Filter>vgui2</Filter>
    </ClInclude>
    <ClInclude Include="vgui2\input.h">
      <Filter>vgui2</Filter>
    </ClInclude>
    <ClInclude Include="SourceSDK\vstdlib\strtools.h">
      <Filter>SourceSDK\vstdlib</Filter>
    </ClInclude>
    <ClInclude Include="Interface\IEngineVGui.h">
      <Filter>Interface</Filter>
    </ClInclude>
    <ClInclude Include="Interface\VGUI\IClientVGUI.h">
      <Filter>Interface\VGUI</Filter>
    </ClInclude>
    <ClInclude Include="Interface\VGUI\IKeyValues.h">
      <Filter>Interface\VGUI</Filter>
    </ClInclude>
    <ClInclude Include="Interface\VGUI\ISchemeManager.h">
      <Filter>Interface\VGUI</Filter>
    </ClInclude>
    <ClInclude Include="Interface\VGUI\Vertex_t.h">
      <Filter>Interface\VGUI</Filter>
    </ClInclude>
    <ClInclude Include="Interface\VGUI\VGUI2.h">
      <Filter>Interface\VGUI</Filter>
    </ClInclude>
    <ClInclude Include="SourceSDK\tier1\UtlPriorityQueue.h">
      <Filter>SourceSDK\tier1</Filter>
    </ClInclude>
  </ItemGroup>
  <ItemGroup>
    <Filter Include="Detours">
      <UniqueIdentifier>{c7bcb5e3-3bc4-44e4-9b37-59ee2ed234df}</UniqueIdentifier>
    </Filter>
    <Filter Include="Interface">
      <UniqueIdentifier>{76d4f1bc-1cf1-4bce-9050-cde7f3b223b0}</UniqueIdentifier>
    </Filter>
    <Filter Include="HLSDK">
      <UniqueIdentifier>{a3cb4a75-a1bf-42e1-9921-539734b852e7}</UniqueIdentifier>
    </Filter>
    <Filter Include="HLSDK\common">
      <UniqueIdentifier>{3a4870f3-a660-40ee-9c37-9feb6aaebf09}</UniqueIdentifier>
    </Filter>
    <Filter Include="MetaHook">
      <UniqueIdentifier>{091cd5f3-ca21-45e1-8c09-dbf967750636}</UniqueIdentifier>
    </Filter>
    <Filter Include="FuckWorld">
      <UniqueIdentifier>{dc2414ad-9727-46b1-9ee6-d0fc1533f188}</UniqueIdentifier>
    </Filter>
    <Filter Include="Interface\VGUI">
      <UniqueIdentifier>{4c75b4bb-2dcc-45c1-9034-427236d92a5d}</UniqueIdentifier>
    </Filter>
    <Filter Include="SourceSDK">
      <UniqueIdentifier>{16e483d6-dfdd-4fc1-af71-9583989e4223}</UniqueIdentifier>
    </Filter>
    <Filter Include="SourceSDK\vstdlib">
      <UniqueIdentifier>{7f1c937d-2e26-4807-a586-352771668d39}</UniqueIdentifier>
    </Filter>
    <Filter Include="SourceSDK\tier1">
      <UniqueIdentifier>{91bf3e2c-d85e-4252-9bfa-63709291297b}</UniqueIdentifier>
    </Filter>
    <Filter Include="SourceSDK\tier0">
      <UniqueIdentifier>{0813aad3-a001-4c48-98cf-af013224318f}</UniqueIdentifier>
    </Filter>
    <Filter Include="SourceSDK\mathlib">
      <UniqueIdentifier>{1e33b841-f08f-4a72-a1cd-565e8de3f1b6}</UniqueIdentifier>
    </Filter>
    <Filter Include="SourceSDK\inputsystem">
      <UniqueIdentifier>{4cba9939-20fc-4748-9b19-c538e0f816dd}</UniqueIdentifier>
    </Filter>
    <Filter Include="SourceSDK\common">
      <UniqueIdentifier>{9b02c53b-02d4-47bd-9edf-8be2e8297999}</UniqueIdentifier>
    </Filter>
    <Filter Include="SourceSDK\common\xbox">
      <UniqueIdentifier>{5b0c75f3-4c24-41b7-9bc6-114af165efa9}</UniqueIdentifier>
    </Filter>
    <Filter Include="SourceSDK\appframework">
      <UniqueIdentifier>{e05574af-a64e-4c94-9b80-f7e9d0d8d44f}</UniqueIdentifier>
    </Filter>
    <Filter Include="util">
      <UniqueIdentifier>{5f121603-5da0-49a6-bb9d-cd2d8747de81}</UniqueIdentifier>
    </Filter>
    <Filter Include="Resource">
      <UniqueIdentifier>{0a3c2770-edc4-4209-be81-9414cb3c9ea0}</UniqueIdentifier>
    </Filter>
    <Filter Include="BugReport">
      <UniqueIdentifier>{056f8999-4b7b-402e-a5a6-51cd690dc66c}</UniqueIdentifier>
    </Filter>
    <Filter Include="GameUI">
      <UniqueIdentifier>{67a5a52b-e8a4-4a3b-94e3-a6f40586bc82}</UniqueIdentifier>
    </Filter>
    <Filter Include="GameUI\Controls">
      <UniqueIdentifier>{69363bb4-b49a-4817-ad18-3887a3a368b5}</UniqueIdentifier>
    </Filter>
    <Filter Include="GameUI\CreateMultiPlayerGameDialog">
      <UniqueIdentifier>{854a35f1-91b5-469e-a09c-ae4212b11e0c}</UniqueIdentifier>
    </Filter>
    <Filter Include="GameUI\OptionsDialog">
      <UniqueIdentifier>{478455fd-8f41-467c-98ee-7a2e053e4f13}</UniqueIdentifier>
    </Filter>
    <Filter Include="vgui2">
      <UniqueIdentifier>{c78417b4-7437-44db-88a2-d9d42394f0c4}</UniqueIdentifier>
    </Filter>
    <Filter Include="vgui2\vgui_controls">
      <UniqueIdentifier>{a0c83e19-3d9c-48d0-9316-9eb07e4efc5a}</UniqueIdentifier>
    </Filter>
    <Filter Include="Client">
      <UniqueIdentifier>{2836c31f-763b-438f-b52b-2158d67750a9}</UniqueIdentifier>
    </Filter>
    <Filter Include="Client\game_controls">
      <UniqueIdentifier>{def6a4d0-95af-4d06-95ae-1a038e7a8a6f}</UniqueIdentifier>
    </Filter>
    <Filter Include="Client\game_shared">
      <UniqueIdentifier>{ba260e80-4424-4204-be43-0c7115f7635b}</UniqueIdentifier>
    </Filter>
    <Filter Include="Renderer">
      <UniqueIdentifier>{a563845f-31eb-4782-83ce-e40df3e5a524}</UniqueIdentifier>
    </Filter>
    <Filter Include="Library">
      <UniqueIdentifier>{a04c546b-32ac-498c-94da-62d20110e547}</UniqueIdentifier>
    </Filter>
    <Filter Include="Library\gl">
      <UniqueIdentifier>{fd759b8d-a5f2-4b0f-a151-93f2b5ecb9db}</UniqueIdentifier>
    </Filter>
    <Filter Include="HLSDK\pm_shared">
      <UniqueIdentifier>{82a2b9fd-68a1-4f81-b591-eff784fbe2bf}</UniqueIdentifier>
    </Filter>
    <Filter Include="Client\VGUI">
      <UniqueIdentifier>{f7c4c294-c16c-4d0b-9896-6febb5e29fbb}</UniqueIdentifier>
    </Filter>
    <Filter Include="Client\HUD">
      <UniqueIdentifier>{1a3055ee-3a20-4525-93ce-cf0b254409e5}</UniqueIdentifier>
    </Filter>
    <Filter Include="Client\Studio">
      <UniqueIdentifier>{2d4d9740-b16a-490c-8c96-a35baf1d804a}</UniqueIdentifier>
    </Filter>
    <Filter Include="Client\events">
      <UniqueIdentifier>{1fdd1743-704a-4da8-bfb2-e60a675ee8b7}</UniqueIdentifier>
    </Filter>
    <Filter Include="Client\cs_wpn">
      <UniqueIdentifier>{5729699b-91c6-4a0d-a923-378c4d3b414e}</UniqueIdentifier>
    </Filter>
    <Filter Include="Client\buy_presets">
      <UniqueIdentifier>{8d56f177-21c8-485e-ba9b-c21d661bc236}</UniqueIdentifier>
    </Filter>
    <Filter Include="util\ImageLib">
      <UniqueIdentifier>{d9f6a141-0650-43e5-8d88-fafe4eaabfd8}</UniqueIdentifier>
    </Filter>
    <Filter Include="ServerBrowser">
      <UniqueIdentifier>{5b2264d4-f2ba-4952-b84e-6631bb9faf1c}</UniqueIdentifier>
    </Filter>
    <Filter Include="vgui2\vgui_surfacelib">
      <UniqueIdentifier>{78f1c3c0-b332-4a67-ad38-be8b5e576403}</UniqueIdentifier>
    </Filter>
  </ItemGroup>
  <ItemGroup>
    <ResourceCompile Include="BugReport\BugReport.rc">
      <Filter>BugReport</Filter>
    </ResourceCompile>
    <ResourceCompile Include="Resource\Launcher.rc">
      <Filter>Resource</Filter>
    </ResourceCompile>
  </ItemGroup>
  <ItemGroup>
    <None Include="Resource\Launcher.aps">
      <Filter>Resource</Filter>
    </None>
  </ItemGroup>
  <ItemGroup>
    <Image Include="Resource\Launcher.ico">
      <Filter>Resource</Filter>
    </Image>
  </ItemGroup>
  <ItemGroup>
    <Library Include="Library\gl\glut32.lib">
      <Filter>Library\gl</Filter>
    </Library>
  </ItemGroup>
</Project>